<?xml version="1.0" encoding="utf-8"?>
<Project ToolsVersion="4.0" xmlns="http://schemas.microsoft.com/developer/msbuild/2003">
  <ItemGroup>
    <Filter Include="Source Files">
      <UniqueIdentifier>{4FC737F1-C7A5-4376-A066-2A32D752A2FF}</UniqueIdentifier>
      <Extensions>cpp;c;cc;cxx;def;odl;idl;hpj;bat;asm;asmx</Extensions>
    </Filter>
    <Filter Include="Header Files">
      <UniqueIdentifier>{93995380-89BD-4b04-88EB-625FBE52EBFB}</UniqueIdentifier>
      <Extensions>h;hpp;hxx;hm;inl;inc;xsd</Extensions>
    </Filter>
    <Filter Include="Resource Files">
      <UniqueIdentifier>{67DA6AB6-F800-4c08-8B7A-83BB121AAD01}</UniqueIdentifier>
      <Extensions>rc;ico;cur;bmp;dlg;rc2;rct;bin;rgs;gif;jpg;jpeg;jpe;resx;tiff;tif;png;wav;mfcribbon-ms</Extensions>
    </Filter>
  </ItemGroup>
  <ItemGroup>
    <ClCompile Include="Source\Challenge\Audio\AudioListener.cpp">
      <Filter>Source Files</Filter>
    </ClCompile>
    <ClCompile Include="Source\Challenge\Audio\AudioManager.cpp">
      <Filter>Source Files</Filter>
    </ClCompile>
    <ClCompile Include="Source\Challenge\Audio\Sound.cpp">
      <Filter>Source Files</Filter>
    </ClCompile>
    <ClCompile Include="Source\Challenge\Audio\SoundGroup.cpp">
      <Filter>Source Files</Filter>
    </ClCompile>
    <ClCompile Include="Source\Challenge\Core\BasicTypes.cpp">
      <Filter>Source Files</Filter>
    </ClCompile>
    <ClCompile Include="Source\Challenge\Core\Config.cpp">
      <Filter>Source Files</Filter>
    </ClCompile>
    <ClCompile Include="Source\Challenge\Core\Dispatch.cpp">
      <Filter>Source Files</Filter>
    </ClCompile>
    <ClCompile Include="Source\Challenge\Database\DatabaseManager.cpp">
      <Filter>Source Files</Filter>
    </ClCompile>
    <ClCompile Include="Source\Challenge\Database\DatabaseRecord.cpp">
      <Filter>Source Files</Filter>
    </ClCompile>
    <ClCompile Include="Source\Challenge\Disk\Platform\Windows\AssetLoaderWindows.cpp">
      <Filter>Source Files</Filter>
    </ClCompile>
    <ClCompile Include="Source\Challenge\Disk\Asset.cpp">
      <Filter>Source Files</Filter>
    </ClCompile>
    <ClCompile Include="Source\Challenge\Disk\Directory.cpp">
      <Filter>Source Files</Filter>
    </ClCompile>
    <ClCompile Include="Source\Challenge\Disk\File.cpp">
      <Filter>Source Files</Filter>
    </ClCompile>
    <ClCompile Include="Source\Challenge\Disk\FileInputStream.cpp">
      <Filter>Source Files</Filter>
    </ClCompile>
    <ClCompile Include="Source\Challenge\Disk\FileOutputStream.cpp">
      <Filter>Source Files</Filter>
    </ClCompile>
    <ClCompile Include="Source\Challenge\Disk\Resource.cpp">
      <Filter>Source Files</Filter>
    </ClCompile>
    <ClCompile Include="Source\Challenge\Event\EventData.cpp">
      <Filter>Source Files</Filter>
    </ClCompile>
    <ClCompile Include="Source\Challenge\Event\EventManager.cpp">
      <Filter>Source Files</Filter>
    </ClCompile>
    <ClCompile Include="Source\Challenge\Font\Font.cpp">
      <Filter>Source Files</Filter>
    </ClCompile>
    <ClCompile Include="Source\Challenge\Font\FontCache.cpp">
      <Filter>Source Files</Filter>
    </ClCompile>
    <ClCompile Include="Source\Challenge\Font\FontFace.cpp">
      <Filter>Source Files</Filter>
    </ClCompile>
    <ClCompile Include="Source\Challenge\Font\Glyph.cpp">
      <Filter>Source Files</Filter>
    </ClCompile>
    <ClCompile Include="Source\Challenge\Input\InputManager.cpp">
      <Filter>Source Files</Filter>
    </ClCompile>
    <ClCompile Include="Source\Challenge\Math\AxisAlignedBox.cpp">
      <Filter>Source Files</Filter>
    </ClCompile>
    <ClCompile Include="Source\Challenge\Math\Cylinder.cpp">
      <Filter>Source Files</Filter>
    </ClCompile>
    <ClCompile Include="Source\Challenge\Math\MathUtil.cpp">
      <Filter>Source Files</Filter>
    </ClCompile>
    <ClCompile Include="Source\Challenge\Math\Plane.cpp">
      <Filter>Source Files</Filter>
    </ClCompile>
    <ClCompile Include="Source\Challenge\Math\Ray.cpp">
      <Filter>Source Files</Filter>
    </ClCompile>
    <ClCompile Include="Source\Challenge\Math\Triangle.cpp">
      <Filter>Source Files</Filter>
    </ClCompile>
    <ClCompile Include="Source\Challenge\Model\Model.cpp">
      <Filter>Source Files</Filter>
    </ClCompile>
    <ClCompile Include="Source\Challenge\Model\ModelAnimationManager.cpp">
      <Filter>Source Files</Filter>
    </ClCompile>
    <ClCompile Include="Source\Challenge\Model\ModelBone.cpp">
      <Filter>Source Files</Filter>
    </ClCompile>
    <ClCompile Include="Source\Challenge\Model\ModelManager.cpp">
      <Filter>Source Files</Filter>
    </ClCompile>
    <ClCompile Include="Source\Challenge\Model\ModelMaterial.cpp">
      <Filter>Source Files</Filter>
    </ClCompile>
    <ClCompile Include="Source\Challenge\Model\ModelMesh.cpp">
      <Filter>Source Files</Filter>
    </ClCompile>
    <ClCompile Include="Source\Challenge\Model\ModelResource.cpp">
      <Filter>Source Files</Filter>
    </ClCompile>
    <ClCompile Include="Source\Challenge\Network\NetworkClient.cpp">
      <Filter>Source Files</Filter>
    </ClCompile>
    <ClCompile Include="Source\Challenge\Network\NetworkInterface.cpp">
      <Filter>Source Files</Filter>
    </ClCompile>
    <ClCompile Include="Source\Challenge\Network\NetworkManager.cpp">
      <Filter>Source Files</Filter>
    </ClCompile>
    <ClCompile Include="Source\Challenge\Network\NetworkServer.cpp">
      <Filter>Source Files</Filter>
    </ClCompile>
    <ClCompile Include="Source\Challenge\Network\NetworkSocket.cpp">
      <Filter>Source Files</Filter>
    </ClCompile>
    <ClCompile Include="Source\Challenge\Physics\BVH\Grid.cpp">
      <Filter>Source Files</Filter>
    </ClCompile>
    <ClCompile Include="Source\Challenge\Physics\BVH\Octree.cpp">
      <Filter>Source Files</Filter>
    </ClCompile>
    <ClCompile Include="Source\Challenge\Physics\BVH\QuadTree.cpp">
      <Filter>Source Files</Filter>
    </ClCompile>
    <ClCompile Include="Source\Challenge\Physics\Forces\ForceGenerator.cpp">
      <Filter>Source Files</Filter>
    </ClCompile>
    <ClCompile Include="Source\Challenge\Physics\Forces\GravityForceGenerator.cpp">
      <Filter>Source Files</Filter>
    </ClCompile>
    <ClCompile Include="Source\Challenge\Physics\Shapes\AABBShape.cpp">
      <Filter>Source Files</Filter>
    </ClCompile>
    <ClCompile Include="Source\Challenge\Physics\Shapes\GeometricShape.cpp">
      <Filter>Source Files</Filter>
    </ClCompile>
    <ClCompile Include="Source\Challenge\Physics\Shapes\OBBShape.cpp">
      <Filter>Source Files</Filter>
    </ClCompile>
    <ClCompile Include="Source\Challenge\Physics\Shapes\PlaneShape.cpp">
      <Filter>Source Files</Filter>
    </ClCompile>
    <ClCompile Include="Source\Challenge\Physics\Shapes\SphereShape.cpp">
      <Filter>Source Files</Filter>
    </ClCompile>
    <ClCompile Include="Source\Challenge\Physics\Shapes\TriangleShape.cpp">
      <Filter>Source Files</Filter>
    </ClCompile>
    <ClCompile Include="Source\Challenge\Physics\Util\Math.cpp">
      <Filter>Source Files</Filter>
    </ClCompile>
    <ClCompile Include="Source\Challenge\Physics\PhysicsCore.cpp">
      <Filter>Source Files</Filter>
    </ClCompile>
    <ClCompile Include="Source\Challenge\Physics\PhysicsWorld.cpp">
      <Filter>Source Files</Filter>
    </ClCompile>
    <ClCompile Include="Source\Challenge\Platform\Win32\CWindow.cpp">
      <Filter>Source Files</Filter>
    </ClCompile>
    <ClCompile Include="Source\Challenge\Renderer\Camera\Camera.cpp">
      <Filter>Source Files</Filter>
    </ClCompile>
    <ClCompile Include="Source\Challenge\Renderer\Camera\OrthoCamera.cpp">
      <Filter>Source Files</Filter>
    </ClCompile>
    <ClCompile Include="Source\Challenge\Renderer\Camera\PerspectiveCamera.cpp">
      <Filter>Source Files</Filter>
    </ClCompile>
    <ClCompile Include="Source\Challenge\Renderer\Device\GraphicsDeviceDX11.cpp">
      <Filter>Source Files</Filter>
    </ClCompile>
    <ClCompile Include="Source\Challenge\Renderer\Device\RenderTargetDX11.cpp">
      <Filter>Source Files</Filter>
    </ClCompile>
    <ClCompile Include="Source\Challenge\Renderer\Shader\DX11\ConstantBufferDX11.cpp">
      <Filter>Source Files</Filter>
    </ClCompile>
    <ClCompile Include="Source\Challenge\Renderer\Shader\DX11\ShaderDX11.cpp">
      <Filter>Source Files</Filter>
    </ClCompile>
    <ClCompile Include="Source\Challenge\Renderer\Shader\DX11\ShaderProgramDX11.cpp">
      <Filter>Source Files</Filter>
    </ClCompile>
    <ClCompile Include="Source\Challenge\Renderer\Shader\InputLayout.cpp">
      <Filter>Source Files</Filter>
    </ClCompile>
    <ClCompile Include="Source\Challenge\Renderer\Shader\Shader.cpp">
      <Filter>Source Files</Filter>
    </ClCompile>
    <ClCompile Include="Source\Challenge\Renderer\Shader\ShaderProgram.cpp">
      <Filter>Source Files</Filter>
    </ClCompile>
    <ClCompile Include="Source\Challenge\Renderer\Shape\BoxShape.cpp">
      <Filter>Source Files</Filter>
    </ClCompile>
    <ClCompile Include="Source\Challenge\Renderer\Shape\HeightMapShape.cpp">
      <Filter>Source Files</Filter>
    </ClCompile>
    <ClCompile Include="Source\Challenge\Renderer\Shape\MeshShape.cpp">
      <Filter>Source Files</Filter>
    </ClCompile>
    <ClCompile Include="Source\Challenge\Renderer\Shape\ModelShape.cpp">
      <Filter>Source Files</Filter>
    </ClCompile>
    <ClCompile Include="Source\Challenge\Renderer\Shape\RenderableSpriteShape.cpp">
      <Filter>Source Files</Filter>
    </ClCompile>
    <ClCompile Include="Source\Challenge\Renderer\Shape\SkyboxShape.cpp">
      <Filter>Source Files</Filter>
    </ClCompile>
    <ClCompile Include="Source\Challenge\Renderer\Shape\SpriteShape.cpp">
      <Filter>Source Files</Filter>
    </ClCompile>
    <ClCompile Include="Source\Challenge\Renderer\Texture\Texture2DDX11.cpp">
      <Filter>Source Files</Filter>
    </ClCompile>
    <ClCompile Include="Source\Challenge\Renderer\Texture\TextureCubeDX11.cpp">
      <Filter>Source Files</Filter>
    </ClCompile>
    <ClCompile Include="Source\Challenge\Renderer\Texture\TextureDX11.cpp">
      <Filter>Source Files</Filter>
    </ClCompile>
    <ClCompile Include="Source\Challenge\Renderer\VertexBuffer\VertexBufferDX11.cpp">
      <Filter>Source Files</Filter>
    </ClCompile>
    <ClCompile Include="Source\Challenge\Renderer\Effect.cpp">
      <Filter>Source Files</Filter>
    </ClCompile>
    <ClCompile Include="Source\Challenge\Renderer\GraphicsContext.cpp">
      <Filter>Source Files</Filter>
    </ClCompile>
    <ClCompile Include="Source\Challenge\Renderer\GraphicsDevice.cpp">
      <Filter>Source Files</Filter>
    </ClCompile>
    <ClCompile Include="Source\Challenge\Renderer\Material.cpp">
      <Filter>Source Files</Filter>
    </ClCompile>
    <ClCompile Include="Source\Challenge\Renderer\Pass.cpp">
      <Filter>Source Files</Filter>
    </ClCompile>
    <ClCompile Include="Source\Challenge\Renderer\RenderState.cpp">
      <Filter>Source Files</Filter>
    </ClCompile>
    <ClCompile Include="Source\Challenge\Renderer\RenderTarget.cpp">
      <Filter>Source Files</Filter>
    </ClCompile>
    <ClCompile Include="Source\Challenge\Renderer\ShaderData.cpp">
      <Filter>Source Files</Filter>
    </ClCompile>
    <ClCompile Include="Source\Challenge\Renderer\Shape.cpp">
      <Filter>Source Files</Filter>
    </ClCompile>
    <ClCompile Include="Source\Challenge\Renderer\Technique.cpp">
      <Filter>Source Files</Filter>
    </ClCompile>
    <ClCompile Include="Source\Challenge\Renderer\Texture.cpp">
      <Filter>Source Files</Filter>
    </ClCompile>
    <ClCompile Include="Source\Challenge\Renderer\VertexBuffer.cpp">
      <Filter>Source Files</Filter>
    </ClCompile>
    <ClCompile Include="Source\Challenge\UI\Controls\ButtonView.cpp">
      <Filter>Source Files</Filter>
    </ClCompile>
    <ClCompile Include="Source\Challenge\UI\Controls\CheckboxView.cpp">
      <Filter>Source Files</Filter>
    </ClCompile>
    <ClCompile Include="Source\Challenge\UI\Controls\FileSelectView.cpp">
      <Filter>Source Files</Filter>
    </ClCompile>
    <ClCompile Include="Source\Challenge\UI\Controls\Form.cpp">
      <Filter>Source Files</Filter>
    </ClCompile>
    <ClCompile Include="Source\Challenge\UI\Controls\FormElement.cpp">
      <Filter>Source Files</Filter>
    </ClCompile>
    <ClCompile Include="Source\Challenge\UI\Controls\HiddenView.cpp">
      <Filter>Source Files</Filter>
    </ClCompile>
    <ClCompile Include="Source\Challenge\UI\Controls\LabelView.cpp">
      <Filter>Source Files</Filter>
    </ClCompile>
    <ClCompile Include="Source\Challenge\UI\Controls\Model3DView.cpp">
      <Filter>Source Files</Filter>
    </ClCompile>
    <ClCompile Include="Source\Challenge\UI\Controls\OptionsView.cpp">
      <Filter>Source Files</Filter>
    </ClCompile>
    <ClCompile Include="Source\Challenge\UI\Controls\PanelView.cpp">
      <Filter>Source Files</Filter>
    </ClCompile>
    <ClCompile Include="Source\Challenge\UI\Controls\ScrollbarView.cpp">
      <Filter>Source Files</Filter>
    </ClCompile>
    <ClCompile Include="Source\Challenge\UI\Controls\SelectListView.cpp">
      <Filter>Source Files</Filter>
    </ClCompile>
    <ClCompile Include="Source\Challenge\UI\Controls\TableView.cpp">
      <Filter>Source Files</Filter>
    </ClCompile>
    <ClCompile Include="Source\Challenge\UI\Controls\TextFieldView.cpp">
      <Filter>Source Files</Filter>
    </ClCompile>
    <ClCompile Include="Source\Challenge\UI\Dialog\AlertDialog.cpp">
      <Filter>Source Files</Filter>
    </ClCompile>
    <ClCompile Include="Source\Challenge\UI\Dialog\Dialog.cpp">
      <Filter>Source Files</Filter>
    </ClCompile>
    <ClCompile Include="Source\Challenge\UI\Events\UIEventArgs.cpp">
      <Filter>Source Files</Filter>
    </ClCompile>
    <ClCompile Include="Source\Challenge\UI\Layout\AbsoluteLayout.cpp">
      <Filter>Source Files</Filter>
    </ClCompile>
    <ClCompile Include="Source\Challenge\UI\Layout\Layout.cpp">
      <Filter>Source Files</Filter>
    </ClCompile>
    <ClCompile Include="Source\Challenge\UI\Layout\LinearLayout.cpp">
      <Filter>Source Files</Filter>
    </ClCompile>
    <ClCompile Include="Source\Challenge\UI\Platform\Win32\WindowWin32.cpp">
      <Filter>Source Files</Filter>
    </ClCompile>
    <ClCompile Include="Source\Challenge\UI\Util\Platform\Win32\FileDialogWin32.cpp">
      <Filter>Source Files</Filter>
    </ClCompile>
    <ClCompile Include="Source\Challenge\UI\View.cpp">
      <Filter>Source Files</Filter>
    </ClCompile>
    <ClCompile Include="Source\Challenge\UI\ViewManager.cpp">
      <Filter>Source Files</Filter>
    </ClCompile>
    <ClCompile Include="Source\Challenge\UI\ViewXMLParser.cpp">
      <Filter>Source Files</Filter>
    </ClCompile>
    <ClCompile Include="Source\Challenge\UI\Window.cpp">
      <Filter>Source Files</Filter>
    </ClCompile>
    <ClCompile Include="Source\Challenge\Util\XML\XMLAttribute.cpp">
      <Filter>Source Files</Filter>
    </ClCompile>
    <ClCompile Include="Source\Challenge\Util\XML\XMLDocument.cpp">
      <Filter>Source Files</Filter>
    </ClCompile>
    <ClCompile Include="Source\Challenge\Util\XML\XMLNode.cpp">
      <Filter>Source Files</Filter>
    </ClCompile>
    <ClCompile Include="Source\Challenge\Util\CubeMapReader.cpp">
      <Filter>Source Files</Filter>
    </ClCompile>
    <ClCompile Include="Source\Challenge\Util\Image.cpp">
      <Filter>Source Files</Filter>
    </ClCompile>
    <ClCompile Include="Source\Challenge\Util\ImageParser.cpp">
      <Filter>Source Files</Filter>
    </ClCompile>
    <ClCompile Include="Source\Challenge\Util\Logger.cpp">
      <Filter>Source Files</Filter>
    </ClCompile>
    <ClCompile Include="Source\Challenge\Util\PrimitiveGenerator.cpp">
      <Filter>Source Files</Filter>
    </ClCompile>
    <ClCompile Include="Source\Challenge\Util\StringUtil.cpp">
      <Filter>Source Files</Filter>
    </ClCompile>
    <ClCompile Include="Source\Challenge\Util\Timer.cpp">
      <Filter>Source Files</Filter>
    </ClCompile>
    <ClCompile Include="Source\Challenge\Util\Util.cpp">
      <Filter>Source Files</Filter>
    </ClCompile>
    <ClCompile Include="Source\Challenge\View\Actor.cpp">
      <Filter>Source Files</Filter>
    </ClCompile>
    <ClCompile Include="Source\Challenge\View\ActorParams.cpp">
      <Filter>Source Files</Filter>
    </ClCompile>
    <ClCompile Include="Source\Challenge\View\GameView.cpp">
      <Filter>Source Files</Filter>
    </ClCompile>
    <ClCompile Include="Source\Challenge\Challenge.cpp">
      <Filter>Source Files</Filter>
    </ClCompile>
    <ClCompile Include="Source\Challenge\GameApplication.cpp">
      <Filter>Source Files</Filter>
    </ClCompile>
    <ClCompile Include="Source\Challenge\GameApplicationWindows.cpp">
      <Filter>Source Files</Filter>
    </ClCompile>
    <ClCompile Include="Source\Challenge\GameController.cpp">
      <Filter>Source Files</Filter>
    </ClCompile>
    <ClCompile Include="Source\Challenge\Renderer\Shape\LineShape.cpp">
      <Filter>Source Files</Filter>
    </ClCompile>
    <ClCompile Include="Source\Challenge\Renderer\Shape\CircleShape.cpp">
      <Filter>Source Files</Filter>
    </ClCompile>
    <ClCompile Include="Source\Challenge\UI\Controller.cpp">
      <Filter>Source Files</Filter>
    </ClCompile>
    <ClCompile Include="Source\Challenge\Object\GameObject.cpp">
      <Filter>Source Files</Filter>
    </ClCompile>
    <ClCompile Include="Source\Challenge\Object\Transformable.cpp">
      <Filter>Source Files</Filter>
    </ClCompile>
    <ClCompile Include="Source\Challenge\Object\Component\ModelComponent.cpp">
      <Filter>Source Files</Filter>
    </ClCompile>
    <ClCompile Include="Source\Challenge\Core\RunLoop.cpp">
      <Filter>Source Files</Filter>
    </ClCompile>
    <ClCompile Include="Source\Challenge\Object\Component\PhysicsComponent.cpp">
      <Filter>Source Files</Filter>
    </ClCompile>
    <ClCompile Include="Source\Challenge\Physics\Objects\CharacterPhysicsObject.cpp">
      <Filter>Source Files</Filter>
    </ClCompile>
    <ClCompile Include="Source\Challenge\Physics\Objects\PhysicsObject.cpp">
      <Filter>Source Files</Filter>
    </ClCompile>
    <ClCompile Include="Source\Challenge\Physics\Collision\CollisionDetector.cpp">
      <Filter>Source Files</Filter>
    </ClCompile>
    <ClCompile Include="Source\Challenge\Physics\Shapes\Intersection.cpp">
      <Filter>Source Files</Filter>
    </ClCompile>
    <ClCompile Include="Source\Challenge\Physics\Collision\CollisionData.cpp">
      <Filter>Source Files</Filter>
    </ClCompile>
    <ClCompile Include="Source\Challenge\Physics\Shapes\TriangleMeshShape.cpp">
      <Filter>Source Files</Filter>
    </ClCompile>
    <ClCompile Include="Source\Challenge\Core\Color.cpp">
      <Filter>Source Files</Filter>
    </ClCompile>
    <ClCompile Include="Source\Challenge\Util\ImageAtlas.cpp">
      <Filter>Source Files</Filter>
    </ClCompile>
    <ClCompile Include="Source\Challenge\Core\Cursor.cpp">
      <Filter>Source Files</Filter>
    </ClCompile>
    <ClCompile Include="Source\Challenge\Core\Platform\Win32\CursorWin32.cpp">
      <Filter>Source Files</Filter>
    </ClCompile>
    <ClCompile Include="Source\Challenge\Scripting\ScriptFunction.cpp">
      <Filter>Source Files</Filter>
    </ClCompile>
    <ClCompile Include="Source\Challenge\Lib\include\angelscript\autowrapper\generator\generateheader.cpp">
      <Filter>Source Files</Filter>
    </ClCompile>
    <ClCompile Include="Source\Challenge\Lib\include\angelscript\contextmgr\contextmgr.cpp">
      <Filter>Source Files</Filter>
    </ClCompile>
    <ClCompile Include="Source\Challenge\Lib\include\angelscript\debugger\debugger.cpp">
      <Filter>Source Files</Filter>
    </ClCompile>
    <ClCompile Include="Source\Challenge\Lib\include\angelscript\scriptany\scriptany.cpp">
      <Filter>Source Files</Filter>
    </ClCompile>
    <ClCompile Include="Source\Challenge\Lib\include\angelscript\scriptarray\scriptarray.cpp">
      <Filter>Source Files</Filter>
    </ClCompile>
    <ClCompile Include="Source\Challenge\Lib\include\angelscript\scriptbuilder\scriptbuilder.cpp">
      <Filter>Source Files</Filter>
    </ClCompile>
    <ClCompile Include="Source\Challenge\Lib\include\angelscript\scriptdictionary\scriptdictionary.cpp">
      <Filter>Source Files</Filter>
    </ClCompile>
    <ClCompile Include="Source\Challenge\Lib\include\angelscript\scriptfile\scriptfile.cpp">
      <Filter>Source Files</Filter>
    </ClCompile>
    <ClCompile Include="Source\Challenge\Lib\include\angelscript\scriptgrid\scriptgrid.cpp">
      <Filter>Source Files</Filter>
    </ClCompile>
    <ClCompile Include="Source\Challenge\Lib\include\angelscript\scripthandle\scripthandle.cpp">
      <Filter>Source Files</Filter>
    </ClCompile>
    <ClCompile Include="Source\Challenge\Lib\include\angelscript\scripthelper\scripthelper.cpp">
      <Filter>Source Files</Filter>
    </ClCompile>
    <ClCompile Include="Source\Challenge\Lib\include\angelscript\scriptmath\scriptmath.cpp">
      <Filter>Source Files</Filter>
    </ClCompile>
    <ClCompile Include="Source\Challenge\Lib\include\angelscript\scriptmath\scriptmathcomplex.cpp">
      <Filter>Source Files</Filter>
    </ClCompile>
    <ClCompile Include="Source\Challenge\Lib\include\angelscript\scriptstdstring\scriptstdstring.cpp">
      <Filter>Source Files</Filter>
    </ClCompile>
    <ClCompile Include="Source\Challenge\Lib\include\angelscript\scriptstdstring\scriptstdstring_utils.cpp">
      <Filter>Source Files</Filter>
    </ClCompile>
    <ClCompile Include="Source\Challenge\Lib\include\angelscript\serializer\serializer.cpp">
      <Filter>Source Files</Filter>
    </ClCompile>
    <ClCompile Include="Source\Challenge\Lib\include\angelscript\weakref\weakref.cpp">
      <Filter>Source Files</Filter>
    </ClCompile>
    <ClCompile Include="Source\Challenge\Scripting\ScriptEngine.cpp">
      <Filter>Source Files</Filter>
    </ClCompile>
    <ClCompile Include="Source\Challenge\Scripting\Types\ScriptVector.cpp">
      <Filter>Source Files</Filter>
    </ClCompile>
    <ClCompile Include="Source\Challenge\Scripting\Types\ScriptMap.cpp">
      <Filter>Source Files</Filter>
    </ClCompile>
  </ItemGroup>
  <ItemGroup>
    <ClInclude Include="Source\Challenge\GameController.h">
      <Filter>Header Files</Filter>
    </ClInclude>
    <ClInclude Include="Source\Challenge\Audio\AudioListener.h">
      <Filter>Header Files</Filter>
    </ClInclude>
    <ClInclude Include="Source\Challenge\Audio\AudioManager.h">
      <Filter>Header Files</Filter>
    </ClInclude>
    <ClInclude Include="Source\Challenge\Audio\Sound.h">
      <Filter>Header Files</Filter>
    </ClInclude>
    <ClInclude Include="Source\Challenge\Audio\SoundGroup.h">
      <Filter>Header Files</Filter>
    </ClInclude>
    <ClInclude Include="Source\Challenge\Core\BasicTypes.h">
      <Filter>Header Files</Filter>
    </ClInclude>
    <ClInclude Include="Source\Challenge\Core\Config.h">
      <Filter>Header Files</Filter>
    </ClInclude>
    <ClInclude Include="Source\Challenge\Core\Dispatch.h">
      <Filter>Header Files</Filter>
    </ClInclude>
    <ClInclude Include="Source\Challenge\Core\Globals.h">
      <Filter>Header Files</Filter>
    </ClInclude>
    <ClInclude Include="Source\Challenge\Core\PlatformIncludes.h">
      <Filter>Header Files</Filter>
    </ClInclude>
    <ClInclude Include="Source\Challenge\Database\DatabaseManager.h">
      <Filter>Header Files</Filter>
    </ClInclude>
    <ClInclude Include="Source\Challenge\Database\DatabaseRecord.h">
      <Filter>Header Files</Filter>
    </ClInclude>
    <ClInclude Include="Source\Challenge\Disk\Platform\Windows\AssetLoaderWindows.h">
      <Filter>Header Files</Filter>
    </ClInclude>
    <ClInclude Include="Source\Challenge\Disk\Asset.h">
      <Filter>Header Files</Filter>
    </ClInclude>
    <ClInclude Include="Source\Challenge\Disk\AssetLoader.h">
      <Filter>Header Files</Filter>
    </ClInclude>
    <ClInclude Include="Source\Challenge\Disk\Directory.h">
      <Filter>Header Files</Filter>
    </ClInclude>
    <ClInclude Include="Source\Challenge\Disk\File.h">
      <Filter>Header Files</Filter>
    </ClInclude>
    <ClInclude Include="Source\Challenge\Disk\FileInputStream.h">
      <Filter>Header Files</Filter>
    </ClInclude>
    <ClInclude Include="Source\Challenge\Disk\FileOutputStream.h">
      <Filter>Header Files</Filter>
    </ClInclude>
    <ClInclude Include="Source\Challenge\Disk\Resource.h">
      <Filter>Header Files</Filter>
    </ClInclude>
    <ClInclude Include="Source\Challenge\Disk\ResourceCache.h">
      <Filter>Header Files</Filter>
    </ClInclude>
    <ClInclude Include="Source\Challenge\Event\Types\ActorEventData.h">
      <Filter>Header Files</Filter>
    </ClInclude>
    <ClInclude Include="Source\Challenge\Event\Types\KeyboardEventData.h">
      <Filter>Header Files</Filter>
    </ClInclude>
    <ClInclude Include="Source\Challenge\Event\Types\MouseEventData.h">
      <Filter>Header Files</Filter>
    </ClInclude>
    <ClInclude Include="Source\Challenge\Event\Types\NetworkEventData.h">
      <Filter>Header Files</Filter>
    </ClInclude>
    <ClInclude Include="Source\Challenge\Event\EventData.h">
      <Filter>Header Files</Filter>
    </ClInclude>
    <ClInclude Include="Source\Challenge\Event\EventManager.h">
      <Filter>Header Files</Filter>
    </ClInclude>
    <ClInclude Include="Source\Challenge\Font\Font.h">
      <Filter>Header Files</Filter>
    </ClInclude>
    <ClInclude Include="Source\Challenge\Font\FontCache.h">
      <Filter>Header Files</Filter>
    </ClInclude>
    <ClInclude Include="Source\Challenge\Font\FontEngine.h">
      <Filter>Header Files</Filter>
    </ClInclude>
    <ClInclude Include="Source\Challenge\Font\FontFace.h">
      <Filter>Header Files</Filter>
    </ClInclude>
    <ClInclude Include="Source\Challenge\Font\FontTypes.h">
      <Filter>Header Files</Filter>
    </ClInclude>
    <ClInclude Include="Source\Challenge\Font\Glyph.h">
      <Filter>Header Files</Filter>
    </ClInclude>
    <ClInclude Include="Source\Challenge\Font\GlyphAtlas.h">
      <Filter>Header Files</Filter>
    </ClInclude>
    <ClInclude Include="Source\Challenge\Font\UnicodeRanges.h">
      <Filter>Header Files</Filter>
    </ClInclude>
    <ClInclude Include="Source\Challenge\Input\InputManager.h">
      <Filter>Header Files</Filter>
    </ClInclude>
    <ClInclude Include="Source\Challenge\Input\KeyboardListener.h">
      <Filter>Header Files</Filter>
    </ClInclude>
    <ClInclude Include="Source\Challenge\Input\MouseListener.h">
      <Filter>Header Files</Filter>
    </ClInclude>
    <ClInclude Include="Source\Challenge\Math\AxisAlignedBox.h">
      <Filter>Header Files</Filter>
    </ClInclude>
    <ClInclude Include="Source\Challenge\Math\BoundingBox.h">
      <Filter>Header Files</Filter>
    </ClInclude>
    <ClInclude Include="Source\Challenge\Math\Cylinder.h">
      <Filter>Header Files</Filter>
    </ClInclude>
    <ClInclude Include="Source\Challenge\Math\MathUtil.h">
      <Filter>Header Files</Filter>
    </ClInclude>
    <ClInclude Include="Source\Challenge\Math\Plane.h">
      <Filter>Header Files</Filter>
    </ClInclude>
    <ClInclude Include="Source\Challenge\Math\Ray.h">
      <Filter>Header Files</Filter>
    </ClInclude>
    <ClInclude Include="Source\Challenge\Math\Triangle.h">
      <Filter>Header Files</Filter>
    </ClInclude>
    <ClInclude Include="Source\Challenge\Model\Model.h">
      <Filter>Header Files</Filter>
    </ClInclude>
    <ClInclude Include="Source\Challenge\Model\ModelAnimationManager.h">
      <Filter>Header Files</Filter>
    </ClInclude>
    <ClInclude Include="Source\Challenge\Model\ModelBone.h">
      <Filter>Header Files</Filter>
    </ClInclude>
    <ClInclude Include="Source\Challenge\Model\ModelManager.h">
      <Filter>Header Files</Filter>
    </ClInclude>
    <ClInclude Include="Source\Challenge\Model\ModelMaterial.h">
      <Filter>Header Files</Filter>
    </ClInclude>
    <ClInclude Include="Source\Challenge\Model\ModelMesh.h">
      <Filter>Header Files</Filter>
    </ClInclude>
    <ClInclude Include="Source\Challenge\Model\ModelResource.h">
      <Filter>Header Files</Filter>
    </ClInclude>
    <ClInclude Include="Source\Challenge\Network\NetworkClient.h">
      <Filter>Header Files</Filter>
    </ClInclude>
    <ClInclude Include="Source\Challenge\Network\NetworkInterface.h">
      <Filter>Header Files</Filter>
    </ClInclude>
    <ClInclude Include="Source\Challenge\Network\NetworkManager.h">
      <Filter>Header Files</Filter>
    </ClInclude>
    <ClInclude Include="Source\Challenge\Network\NetworkServer.h">
      <Filter>Header Files</Filter>
    </ClInclude>
    <ClInclude Include="Source\Challenge\Network\NetworkSocket.h">
      <Filter>Header Files</Filter>
    </ClInclude>
    <ClInclude Include="Source\Challenge\Physics\BVH\Grid.h">
      <Filter>Header Files</Filter>
    </ClInclude>
    <ClInclude Include="Source\Challenge\Physics\BVH\Octree.h">
      <Filter>Header Files</Filter>
    </ClInclude>
    <ClInclude Include="Source\Challenge\Physics\BVH\QuadTree.h">
      <Filter>Header Files</Filter>
    </ClInclude>
    <ClInclude Include="Source\Challenge\Physics\Forces\ForceGenerator.h">
      <Filter>Header Files</Filter>
    </ClInclude>
    <ClInclude Include="Source\Challenge\Physics\Forces\GravityForceGenerator.h">
      <Filter>Header Files</Filter>
    </ClInclude>
    <ClInclude Include="Source\Challenge\Physics\Shapes\AABBShape.h">
      <Filter>Header Files</Filter>
    </ClInclude>
    <ClInclude Include="Source\Challenge\Physics\Shapes\GeometricShape.h">
      <Filter>Header Files</Filter>
    </ClInclude>
    <ClInclude Include="Source\Challenge\Physics\Shapes\OBBShape.h">
      <Filter>Header Files</Filter>
    </ClInclude>
    <ClInclude Include="Source\Challenge\Physics\Shapes\PlaneShape.h">
      <Filter>Header Files</Filter>
    </ClInclude>
    <ClInclude Include="Source\Challenge\Physics\Shapes\SphereShape.h">
      <Filter>Header Files</Filter>
    </ClInclude>
    <ClInclude Include="Source\Challenge\Physics\Shapes\TriangleShape.h">
      <Filter>Header Files</Filter>
    </ClInclude>
    <ClInclude Include="Source\Challenge\Physics\Util\Math.h">
      <Filter>Header Files</Filter>
    </ClInclude>
    <ClInclude Include="Source\Challenge\Physics\PhysicsCore.h">
      <Filter>Header Files</Filter>
    </ClInclude>
    <ClInclude Include="Source\Challenge\Physics\PhysicsWorld.h">
      <Filter>Header Files</Filter>
    </ClInclude>
    <ClInclude Include="Source\Challenge\Platform\Win32\CWindow.h">
      <Filter>Header Files</Filter>
    </ClInclude>
    <ClInclude Include="Source\Challenge\Renderer\Attribute\BoneAnimationAttribute.h">
      <Filter>Header Files</Filter>
    </ClInclude>
    <ClInclude Include="Source\Challenge\Renderer\Attribute\ColorAttribute.h">
      <Filter>Header Files</Filter>
    </ClInclude>
    <ClInclude Include="Source\Challenge\Renderer\Attribute\ShadingAttribute.h">
      <Filter>Header Files</Filter>
    </ClInclude>
    <ClInclude Include="Source\Challenge\Renderer\Attribute\TextureAttribute.h">
      <Filter>Header Files</Filter>
    </ClInclude>
    <ClInclude Include="Source\Challenge\Renderer\Camera\Camera.h">
      <Filter>Header Files</Filter>
    </ClInclude>
    <ClInclude Include="Source\Challenge\Renderer\Camera\OrthoCamera.h">
      <Filter>Header Files</Filter>
    </ClInclude>
    <ClInclude Include="Source\Challenge\Renderer\Camera\PerspectiveCamera.h">
      <Filter>Header Files</Filter>
    </ClInclude>
    <ClInclude Include="Source\Challenge\Renderer\Device\GraphicsDeviceDX11.h">
      <Filter>Header Files</Filter>
    </ClInclude>
    <ClInclude Include="Source\Challenge\Renderer\Device\RenderTargetDX11.h">
      <Filter>Header Files</Filter>
    </ClInclude>
    <ClInclude Include="Source\Challenge\Renderer\Lights\DirectionalLightSource.h">
      <Filter>Header Files</Filter>
    </ClInclude>
    <ClInclude Include="Source\Challenge\Renderer\Lights\LightSource.h">
      <Filter>Header Files</Filter>
    </ClInclude>
    <ClInclude Include="Source\Challenge\Renderer\Lights\PointLightSource.h">
      <Filter>Header Files</Filter>
    </ClInclude>
    <ClInclude Include="Source\Challenge\Renderer\Shader\DX11\ConstantBufferDX11.h">
      <Filter>Header Files</Filter>
    </ClInclude>
    <ClInclude Include="Source\Challenge\Renderer\Shader\DX11\ShaderDX11.h">
      <Filter>Header Files</Filter>
    </ClInclude>
    <ClInclude Include="Source\Challenge\Renderer\Shader\DX11\ShaderProgramDX11.h">
      <Filter>Header Files</Filter>
    </ClInclude>
    <ClInclude Include="Source\Challenge\Renderer\Shader\InputLayout.h">
      <Filter>Header Files</Filter>
    </ClInclude>
    <ClInclude Include="Source\Challenge\Renderer\Shader\Shader.h">
      <Filter>Header Files</Filter>
    </ClInclude>
    <ClInclude Include="Source\Challenge\Renderer\Shader\ShaderProgram.h">
      <Filter>Header Files</Filter>
    </ClInclude>
    <ClInclude Include="Source\Challenge\Renderer\Shape\BoxShape.h">
      <Filter>Header Files</Filter>
    </ClInclude>
    <ClInclude Include="Source\Challenge\Renderer\Shape\HeightMapShape.h">
      <Filter>Header Files</Filter>
    </ClInclude>
    <ClInclude Include="Source\Challenge\Renderer\Shape\MeshShape.h">
      <Filter>Header Files</Filter>
    </ClInclude>
    <ClInclude Include="Source\Challenge\Renderer\Shape\ModelShape.h">
      <Filter>Header Files</Filter>
    </ClInclude>
    <ClInclude Include="Source\Challenge\Renderer\Shape\RenderableSpriteShape.h">
      <Filter>Header Files</Filter>
    </ClInclude>
    <ClInclude Include="Source\Challenge\Renderer\Shape\SkyboxShape.h">
      <Filter>Header Files</Filter>
    </ClInclude>
    <ClInclude Include="Source\Challenge\Renderer\Shape\SpriteShape.h">
      <Filter>Header Files</Filter>
    </ClInclude>
    <ClInclude Include="Source\Challenge\Renderer\Technique\BasicColorTechnique.h">
      <Filter>Header Files</Filter>
    </ClInclude>
    <ClInclude Include="Source\Challenge\Renderer\Technique\BasicModelTechnique.h">
      <Filter>Header Files</Filter>
    </ClInclude>
    <ClInclude Include="Source\Challenge\Renderer\Technique\PhongTechnique.h">
      <Filter>Header Files</Filter>
    </ClInclude>
    <ClInclude Include="Source\Challenge\Renderer\Texture\Texture2DDX11.h">
      <Filter>Header Files</Filter>
    </ClInclude>
    <ClInclude Include="Source\Challenge\Renderer\Texture\TextureCubeDX11.h">
      <Filter>Header Files</Filter>
    </ClInclude>
    <ClInclude Include="Source\Challenge\Renderer\Texture\TextureDX11.h">
      <Filter>Header Files</Filter>
    </ClInclude>
    <ClInclude Include="Source\Challenge\Renderer\VertexBuffer\VertexBufferDX11.h">
      <Filter>Header Files</Filter>
    </ClInclude>
    <ClInclude Include="Source\Challenge\Renderer\Attribute.h">
      <Filter>Header Files</Filter>
    </ClInclude>
    <ClInclude Include="Source\Challenge\Renderer\Effect.h">
      <Filter>Header Files</Filter>
    </ClInclude>
    <ClInclude Include="Source\Challenge\Renderer\GraphicsDevice.h">
      <Filter>Header Files</Filter>
    </ClInclude>
    <ClInclude Include="Source\Challenge\Renderer\Material.h">
      <Filter>Header Files</Filter>
    </ClInclude>
    <ClInclude Include="Source\Challenge\Renderer\Pass.h">
      <Filter>Header Files</Filter>
    </ClInclude>
    <ClInclude Include="Source\Challenge\Renderer\Renderer.h">
      <Filter>Header Files</Filter>
    </ClInclude>
    <ClInclude Include="Source\Challenge\Renderer\RenderState.h">
      <Filter>Header Files</Filter>
    </ClInclude>
    <ClInclude Include="Source\Challenge\Renderer\RenderTarget.h">
      <Filter>Header Files</Filter>
    </ClInclude>
    <ClInclude Include="Source\Challenge\Renderer\ShaderData.h">
      <Filter>Header Files</Filter>
    </ClInclude>
    <ClInclude Include="Source\Challenge\Renderer\Shape.h">
      <Filter>Header Files</Filter>
    </ClInclude>
    <ClInclude Include="Source\Challenge\Renderer\Technique.h">
      <Filter>Header Files</Filter>
    </ClInclude>
    <ClInclude Include="Source\Challenge\Renderer\Texture.h">
      <Filter>Header Files</Filter>
    </ClInclude>
    <ClInclude Include="Source\Challenge\Renderer\Types.h">
      <Filter>Header Files</Filter>
    </ClInclude>
    <ClInclude Include="Source\Challenge\Renderer\VertexBuffer.h">
      <Filter>Header Files</Filter>
    </ClInclude>
    <ClInclude Include="Source\Challenge\UI\Controls\ButtonView.h">
      <Filter>Header Files</Filter>
    </ClInclude>
    <ClInclude Include="Source\Challenge\UI\Controls\CheckboxView.h">
      <Filter>Header Files</Filter>
    </ClInclude>
    <ClInclude Include="Source\Challenge\UI\Controls\FileSelectView.h">
      <Filter>Header Files</Filter>
    </ClInclude>
    <ClInclude Include="Source\Challenge\UI\Controls\Form.h">
      <Filter>Header Files</Filter>
    </ClInclude>
    <ClInclude Include="Source\Challenge\UI\Controls\FormElement.h">
      <Filter>Header Files</Filter>
    </ClInclude>
    <ClInclude Include="Source\Challenge\UI\Controls\HiddenView.h">
      <Filter>Header Files</Filter>
    </ClInclude>
    <ClInclude Include="Source\Challenge\UI\Controls\LabelView.h">
      <Filter>Header Files</Filter>
    </ClInclude>
    <ClInclude Include="Source\Challenge\UI\Controls\Model3DView.h">
      <Filter>Header Files</Filter>
    </ClInclude>
    <ClInclude Include="Source\Challenge\UI\Controls\OptionsView.h">
      <Filter>Header Files</Filter>
    </ClInclude>
    <ClInclude Include="Source\Challenge\UI\Controls\PanelView.h">
      <Filter>Header Files</Filter>
    </ClInclude>
    <ClInclude Include="Source\Challenge\UI\Controls\ScrollbarView.h">
      <Filter>Header Files</Filter>
    </ClInclude>
    <ClInclude Include="Source\Challenge\UI\Controls\SelectListView.h">
      <Filter>Header Files</Filter>
    </ClInclude>
    <ClInclude Include="Source\Challenge\UI\Controls\TableView.h">
      <Filter>Header Files</Filter>
    </ClInclude>
    <ClInclude Include="Source\Challenge\UI\Controls\TextFieldView.h">
      <Filter>Header Files</Filter>
    </ClInclude>
    <ClInclude Include="Source\Challenge\UI\Dialog\AlertDialog.h">
      <Filter>Header Files</Filter>
    </ClInclude>
    <ClInclude Include="Source\Challenge\UI\Dialog\Dialog.h">
      <Filter>Header Files</Filter>
    </ClInclude>
    <ClInclude Include="Source\Challenge\UI\Events\UIEventArgs.h">
      <Filter>Header Files</Filter>
    </ClInclude>
    <ClInclude Include="Source\Challenge\UI\Layout\AbsoluteLayout.h">
      <Filter>Header Files</Filter>
    </ClInclude>
    <ClInclude Include="Source\Challenge\UI\Layout\Layout.h">
      <Filter>Header Files</Filter>
    </ClInclude>
    <ClInclude Include="Source\Challenge\UI\Layout\LinearLayout.h">
      <Filter>Header Files</Filter>
    </ClInclude>
    <ClInclude Include="Source\Challenge\UI\Platform\Win32\WindowWin32.h">
      <Filter>Header Files</Filter>
    </ClInclude>
    <ClInclude Include="Source\Challenge\UI\Util\Platform\Win32\FileDialogWin32.h">
      <Filter>Header Files</Filter>
    </ClInclude>
    <ClInclude Include="Source\Challenge\UI\Util\FileDialog.h">
      <Filter>Header Files</Filter>
    </ClInclude>
    <ClInclude Include="Source\Challenge\UI\Types.h">
      <Filter>Header Files</Filter>
    </ClInclude>
    <ClInclude Include="Source\Challenge\UI\UI.h">
      <Filter>Header Files</Filter>
    </ClInclude>
    <ClInclude Include="Source\Challenge\UI\View.h">
      <Filter>Header Files</Filter>
    </ClInclude>
    <ClInclude Include="Source\Challenge\UI\ViewManager.h">
      <Filter>Header Files</Filter>
    </ClInclude>
    <ClInclude Include="Source\Challenge\UI\ViewXMLParser.h">
      <Filter>Header Files</Filter>
    </ClInclude>
    <ClInclude Include="Source\Challenge\UI\Window.h">
      <Filter>Header Files</Filter>
    </ClInclude>
    <ClInclude Include="Source\Challenge\Util\XML\XML.h">
      <Filter>Header Files</Filter>
    </ClInclude>
    <ClInclude Include="Source\Challenge\Util\XML\XMLAttribute.h">
      <Filter>Header Files</Filter>
    </ClInclude>
    <ClInclude Include="Source\Challenge\Util\XML\XMLDocument.h">
      <Filter>Header Files</Filter>
    </ClInclude>
    <ClInclude Include="Source\Challenge\Util\XML\XMLNode.h">
      <Filter>Header Files</Filter>
    </ClInclude>
    <ClInclude Include="Source\Challenge\Util\CubeMapReader.h">
      <Filter>Header Files</Filter>
    </ClInclude>
    <ClInclude Include="Source\Challenge\Util\Image.h">
      <Filter>Header Files</Filter>
    </ClInclude>
    <ClInclude Include="Source\Challenge\Util\ImageParser.h">
      <Filter>Header Files</Filter>
    </ClInclude>
    <ClInclude Include="Source\Challenge\Util\Logger.h">
      <Filter>Header Files</Filter>
    </ClInclude>
    <ClInclude Include="Source\Challenge\Util\PrimitiveGenerator.h">
      <Filter>Header Files</Filter>
    </ClInclude>
    <ClInclude Include="Source\Challenge\Util\StringUtil.h">
      <Filter>Header Files</Filter>
    </ClInclude>
    <ClInclude Include="Source\Challenge\Util\Timer.h">
      <Filter>Header Files</Filter>
    </ClInclude>
    <ClInclude Include="Source\Challenge\Util\Util.h">
      <Filter>Header Files</Filter>
    </ClInclude>
    <ClInclude Include="Source\Challenge\View\Actor.h">
      <Filter>Header Files</Filter>
    </ClInclude>
    <ClInclude Include="Source\Challenge\View\ActorParams.h">
      <Filter>Header Files</Filter>
    </ClInclude>
    <ClInclude Include="Source\Challenge\View\GameView.h">
      <Filter>Header Files</Filter>
    </ClInclude>
    <ClInclude Include="Source\Challenge\Challenge.h">
      <Filter>Header Files</Filter>
    </ClInclude>
    <ClInclude Include="Source\Challenge\GameApplication.h">
      <Filter>Header Files</Filter>
    </ClInclude>
    <ClInclude Include="Source\Challenge\GameApplicationWindows.h">
      <Filter>Header Files</Filter>
    </ClInclude>
    <ClInclude Include="Source\Challenge\Renderer\Technique\GraphicsContext.h">
      <Filter>Header Files</Filter>
    </ClInclude>
    <ClInclude Include="Source\Challenge\Renderer\GraphicsContext.h">
      <Filter>Header Files</Filter>
    </ClInclude>
    <ClInclude Include="Source\Challenge\Renderer\Shape\LineShape.h">
      <Filter>Header Files</Filter>
    </ClInclude>
    <ClInclude Include="Source\Challenge\Renderer\Shape\CircleShape.h">
      <Filter>Header Files</Filter>
    </ClInclude>
    <ClInclude Include="Source\Challenge\UI\Controller.h">
      <Filter>Header Files</Filter>
    </ClInclude>
    <ClInclude Include="Source\Challenge\Scripting\LuaScript.h">
      <Filter>Header Files</Filter>
    </ClInclude>
    <ClInclude Include="Source\Challenge\Object\GameObject.h">
      <Filter>Header Files</Filter>
    </ClInclude>
    <ClInclude Include="Source\Challenge\Object\Component\Component.h">
      <Filter>Header Files</Filter>
    </ClInclude>
    <ClInclude Include="Source\Challenge\Object\Transformable.h">
      <Filter>Header Files</Filter>
    </ClInclude>
    <ClInclude Include="Source\Challenge\Object\Component\ModelComponent.h">
      <Filter>Header Files</Filter>
    </ClInclude>
    <ClInclude Include="Source\Challenge\Core\RunLoop.h">
      <Filter>Header Files</Filter>
    </ClInclude>
    <ClInclude Include="Source\Challenge\Object\Component\PhysicsComponent.h">
      <Filter>Header Files</Filter>
    </ClInclude>
    <ClInclude Include="Source\Challenge\Physics\Objects\CharacterPhysicsObject.h">
      <Filter>Header Files</Filter>
    </ClInclude>
    <ClInclude Include="Source\Challenge\Physics\Objects\PhysicsObject.h">
      <Filter>Header Files</Filter>
    </ClInclude>
    <ClInclude Include="Source\Challenge\Util\SafeObject.hpp">
      <Filter>Header Files</Filter>
    </ClInclude>
    <ClInclude Include="Source\Challenge\Physics\Collision\CollisionDetector.h">
      <Filter>Header Files</Filter>
    </ClInclude>
    <ClInclude Include="Source\Challenge\Physics\Shapes\Intersection.h">
      <Filter>Header Files</Filter>
    </ClInclude>
    <ClInclude Include="Source\Challenge\Physics\Collision\CollisionData.h">
      <Filter>Header Files</Filter>
    </ClInclude>
    <ClInclude Include="Source\Challenge\Physics\Shapes\TriangleMeshShape.h">
      <Filter>Header Files</Filter>
    </ClInclude>
    <ClInclude Include="Source\Challenge\Core\Color.h">
      <Filter>Header Files</Filter>
    </ClInclude>
    <ClInclude Include="Source\Challenge\Util\ImageAtlas.h">
      <Filter>Header Files</Filter>
    </ClInclude>
    <ClInclude Include="Source\Challenge\Core\Cursor.h">
      <Filter>Header Files</Filter>
    </ClInclude>
    <ClInclude Include="Source\Challenge\Core\Platform\Win32\CursorWin32.h">
      <Filter>Header Files</Filter>
    </ClInclude>
    <ClInclude Include="Source\Challenge\Scripting\ScriptFunction.h">
      <Filter>Header Files</Filter>
    </ClInclude>
    <ClInclude Include="Source\Challenge\Lib\include\angelscript\weakref\weakref.h">
      <Filter>Header Files</Filter>
    </ClInclude>
    <ClInclude Include="Source\Challenge\Lib\include\angelscript\autowrapper\aswrappedcall.h">
      <Filter>Header Files</Filter>
    </ClInclude>
    <ClInclude Include="Source\Challenge\Lib\include\angelscript\contextmgr\contextmgr.h">
      <Filter>Header Files</Filter>
    </ClInclude>
    <ClInclude Include="Source\Challenge\Lib\include\angelscript\debugger\debugger.h">
      <Filter>Header Files</Filter>
    </ClInclude>
    <ClInclude Include="Source\Challenge\Lib\include\angelscript\scriptany\scriptany.h">
      <Filter>Header Files</Filter>
    </ClInclude>
    <ClInclude Include="Source\Challenge\Lib\include\angelscript\scriptarray\scriptarray.h">
      <Filter>Header Files</Filter>
    </ClInclude>
    <ClInclude Include="Source\Challenge\Lib\include\angelscript\scriptbuilder\scriptbuilder.h">
      <Filter>Header Files</Filter>
    </ClInclude>
    <ClInclude Include="Source\Challenge\Lib\include\angelscript\scriptdictionary\scriptdictionary.h">
      <Filter>Header Files</Filter>
    </ClInclude>
    <ClInclude Include="Source\Challenge\Lib\include\angelscript\scriptfile\scriptfile.h">
      <Filter>Header Files</Filter>
    </ClInclude>
    <ClInclude Include="Source\Challenge\Lib\include\angelscript\scriptgrid\scriptgrid.h">
      <Filter>Header Files</Filter>
    </ClInclude>
    <ClInclude Include="Source\Challenge\Lib\include\angelscript\scripthandle\scripthandle.h">
      <Filter>Header Files</Filter>
    </ClInclude>
    <ClInclude Include="Source\Challenge\Lib\include\angelscript\scripthelper\scripthelper.h">
      <Filter>Header Files</Filter>
    </ClInclude>
    <ClInclude Include="Source\Challenge\Lib\include\angelscript\scriptmath\scriptmath.h">
      <Filter>Header Files</Filter>
    </ClInclude>
    <ClInclude Include="Source\Challenge\Lib\include\angelscript\scriptmath\scriptmathcomplex.h">
      <Filter>Header Files</Filter>
    </ClInclude>
    <ClInclude Include="Source\Challenge\Lib\include\angelscript\scriptstdstring\scriptstdstring.h">
      <Filter>Header Files</Filter>
    </ClInclude>
    <ClInclude Include="Source\Challenge\Lib\include\angelscript\serializer\serializer.h">
      <Filter>Header Files</Filter>
    </ClInclude>
    <ClInclude Include="Source\Challenge\Scripting\ScriptObject.h">
      <Filter>Header Files</Filter>
    </ClInclude>
    <ClInclude Include="Source\Challenge\Scripting\ScriptFunction.inl">
      <Filter>Header Files</Filter>
    </ClInclude>
    <ClInclude Include="Source\Challenge\Scripting\ScriptEngine.h">
      <Filter>Header Files</Filter>
    </ClInclude>
    <ClInclude Include="Source\Challenge\Scripting\Types\ScriptVector.h">
      <Filter>Header Files</Filter>
    </ClInclude>
    <ClInclude Include="Source\Challenge\Scripting\Helpers\ScriptBasics.h">
      <Filter>Header Files</Filter>
    </ClInclude>
    <ClInclude Include="Source\Challenge\Scripting\Helpers\ScriptRefCounter.h">
      <Filter>Header Files</Filter>
    </ClInclude>
    <ClInclude Include="Source\Challenge\Scripting\Types\ScriptMap.h">
      <Filter>Header Files</Filter>
    </ClInclude>
    <ClInclude Include="Source\Challenge\Scripting\Helpers\ScriptUtil.h">
      <Filter>Header Files</Filter>
    </ClInclude>
  </ItemGroup>
  <ItemGroup>
    <None Include="ChallengeEngine-settings.props" />
    <None Include="Source\Challenge\Disk\ResourceCache.inl">
      <Filter>Header Files</Filter>
    </None>
    <None Include="Source\Challenge\Font\Font.inl">
      <Filter>Header Files</Filter>
    </None>
    <None Include="Source\Challenge\Font\GlyphAtlas.inl">
      <Filter>Header Files</Filter>
    </None>
    <None Include="Source\Challenge\Renderer\Technique\BasicColorTechnique.inl">
      <Filter>Header Files</Filter>
    </None>
    <None Include="Source\Challenge\Renderer\Technique\BasicModelTechnique.inl">
      <Filter>Header Files</Filter>
    </None>
    <None Include="Source\Challenge\Renderer\Technique\PhongTechnique.inl">
      <Filter>Header Files</Filter>
    </None>
  </ItemGroup>
  <ItemGroup>
    <FxCompile Include="Source\Challenge\Shaders\HLSL\CirclePixel.hlsl" />
    <FxCompile Include="Source\Challenge\Shaders\HLSL\CircleVertex.hlsl" />
    <FxCompile Include="Source\Challenge\Shaders\HLSL\DebugLinesPixel.hlsl" />
    <FxCompile Include="Source\Challenge\Shaders\HLSL\DebugLinesVertex.hlsl" />
    <FxCompile Include="Source\Challenge\Shaders\HLSL\FontBasicPixel.hlsl" />
    <FxCompile Include="Source\Challenge\Shaders\HLSL\FontBasicVertex.hlsl" />
    <FxCompile Include="Source\Challenge\Shaders\HLSL\HeightMapPixel.hlsl" />
    <FxCompile Include="Source\Challenge\Shaders\HLSL\HeightMapVertex.hlsl" />
    <FxCompile Include="Source\Challenge\Shaders\HLSL\ModelBasicPixel.hlsl" />
    <FxCompile Include="Source\Challenge\Shaders\HLSL\ModelBasicVertex.hlsl" />
    <FxCompile Include="Source\Challenge\Shaders\HLSL\ModelBoneAnimationVertex.hlsl" />
    <FxCompile Include="Source\Challenge\Shaders\HLSL\PhongPixel.hlsl" />
    <FxCompile Include="Source\Challenge\Shaders\HLSL\PhongVertex.hlsl" />
    <FxCompile Include="Source\Challenge\Shaders\HLSL\SkyboxPixel.hlsl" />
    <FxCompile Include="Source\Challenge\Shaders\HLSL\SkyboxVertex.hlsl" />
    <FxCompile Include="Source\Challenge\Shaders\HLSL\SpriteColorPixel.hlsl" />
    <FxCompile Include="Source\Challenge\Shaders\HLSL\SpriteTexturePixel.hlsl" />
    <FxCompile Include="Source\Challenge\Shaders\HLSL\SpriteVertex.hlsl" />
    <FxCompile Include="Source\Challenge\Shaders\HLSL\LineVertex.hlsl" />
    <FxCompile Include="Source\Challenge\Shaders\HLSL\LinePixel.hlsl" />
    <FxCompile Include="Source\Challenge\Shaders\HLSL\LineGeometry.hlsl" />
  </ItemGroup>
  <ItemGroup>
    <Xml Include="Source\Engine\Config\shaders.xml" />
    <Xml Include="Source\Engine\Config\pipeline.xml" />
    <Xml Include="Source\Engine\Config\effects.xml" />
  </ItemGroup>
</Project>