<?xml version="1.0" encoding="utf-8"?>
<Project ToolsVersion="4.0" xmlns="http://schemas.microsoft.com/developer/msbuild/2003">
  <ItemGroup>
    <Filter Include="Source Files">
      <UniqueIdentifier>{4FC737F1-C7A5-4376-A066-2A32D752A2FF}</UniqueIdentifier>
      <Extensions>cpp;c;cc;cxx;def;odl;idl;hpj;bat;asm;asmx</Extensions>
    </Filter>
    <Filter Include="Header Files">
      <UniqueIdentifier>{93995380-89BD-4b04-88EB-625FBE52EBFB}</UniqueIdentifier>
      <Extensions>h;hpp;hxx;hm;inl;inc;xsd</Extensions>
    </Filter>
    <Filter Include="Resource Files">
      <UniqueIdentifier>{67DA6AB6-F800-4c08-8B7A-83BB121AAD01}</UniqueIdentifier>
      <Extensions>rc;ico;cur;bmp;dlg;rc2;rct;bin;rgs;gif;jpg;jpeg;jpe;resx;tiff;tif;png;wav;mfcribbon-ms</Extensions>
    </Filter>
  </ItemGroup>
  <ItemGroup>
    <ClCompile Include="Source\Engine\Audio\AudioListener.cpp">
      <Filter>Source Files</Filter>
    </ClCompile>
    <ClCompile Include="Source\Engine\Audio\AudioManager.cpp">
      <Filter>Source Files</Filter>
    </ClCompile>
    <ClCompile Include="Source\Engine\Audio\Sound.cpp">
      <Filter>Source Files</Filter>
    </ClCompile>
    <ClCompile Include="Source\Engine\Audio\SoundGroup.cpp">
      <Filter>Source Files</Filter>
    </ClCompile>
    <ClCompile Include="Source\Engine\Database\DatabaseManager.cpp">
      <Filter>Source Files</Filter>
    </ClCompile>
    <ClCompile Include="Source\Engine\Database\DatabaseRecord.cpp">
      <Filter>Source Files</Filter>
    </ClCompile>
    <ClCompile Include="Source\Engine\Event\EventData.cpp">
      <Filter>Source Files</Filter>
    </ClCompile>
    <ClCompile Include="Source\Engine\Event\EventManager.cpp">
      <Filter>Source Files</Filter>
    </ClCompile>
    <ClCompile Include="Source\Engine\Input\InputManager.cpp">
      <Filter>Source Files</Filter>
    </ClCompile>
    <ClCompile Include="Source\Engine\Math\Cylinder.cpp">
      <Filter>Source Files</Filter>
    </ClCompile>
    <ClCompile Include="Source\Engine\Math\Ray.cpp">
      <Filter>Source Files</Filter>
    </ClCompile>
    <ClCompile Include="Source\Engine\Model\Model.cpp">
      <Filter>Source Files</Filter>
    </ClCompile>
    <ClCompile Include="Source\Engine\Model\ModelAnimationManager.cpp">
      <Filter>Source Files</Filter>
    </ClCompile>
    <ClCompile Include="Source\Engine\Model\ModelManager.cpp">
      <Filter>Source Files</Filter>
    </ClCompile>
    <ClCompile Include="Source\Engine\Model\ModelMaterial.cpp">
      <Filter>Source Files</Filter>
    </ClCompile>
    <ClCompile Include="Source\Engine\Model\ModelMesh.cpp">
      <Filter>Source Files</Filter>
    </ClCompile>
    <ClCompile Include="Source\Engine\Network\NetworkClient.cpp">
      <Filter>Source Files</Filter>
    </ClCompile>
    <ClCompile Include="Source\Engine\Network\NetworkInterface.cpp">
      <Filter>Source Files</Filter>
    </ClCompile>
    <ClCompile Include="Source\Engine\Network\NetworkManager.cpp">
      <Filter>Source Files</Filter>
    </ClCompile>
    <ClCompile Include="Source\Engine\Network\NetworkServer.cpp">
      <Filter>Source Files</Filter>
    </ClCompile>
    <ClCompile Include="Source\Engine\Network\NetworkSocket.cpp">
      <Filter>Source Files</Filter>
    </ClCompile>
    <ClCompile Include="Source\Engine\Physics\BVH\Grid.cpp">
      <Filter>Source Files</Filter>
    </ClCompile>
    <ClCompile Include="Source\Engine\Physics\BVH\QuadTree.cpp">
      <Filter>Source Files</Filter>
    </ClCompile>
    <ClCompile Include="Source\Engine\Physics\Collision\CollisionData.cpp">
      <Filter>Source Files</Filter>
    </ClCompile>
    <ClCompile Include="Source\Engine\Physics\Collision\CollisionDetector.cpp">
      <Filter>Source Files</Filter>
    </ClCompile>
    <ClCompile Include="Source\Engine\Physics\Collision\CollisionResolver.cpp">
      <Filter>Source Files</Filter>
    </ClCompile>
    <ClCompile Include="Source\Engine\Physics\Collision\Contact.cpp">
      <Filter>Source Files</Filter>
    </ClCompile>
    <ClCompile Include="Source\Engine\Physics\Forces\ForceGenerator.cpp">
      <Filter>Source Files</Filter>
    </ClCompile>
    <ClCompile Include="Source\Engine\Physics\Forces\GravityForceGenerator.cpp">
      <Filter>Source Files</Filter>
    </ClCompile>
    <ClCompile Include="Source\Engine\Physics\Objects\PlaneObject.cpp">
      <Filter>Source Files</Filter>
    </ClCompile>
    <ClCompile Include="Source\Engine\Physics\Objects\RigidBody.cpp">
      <Filter>Source Files</Filter>
    </ClCompile>
    <ClCompile Include="Source\Engine\Physics\Util\Math.cpp">
      <Filter>Source Files</Filter>
    </ClCompile>
    <ClCompile Include="Source\Engine\Physics\PhysicsCore.cpp">
      <Filter>Source Files</Filter>
    </ClCompile>
    <ClCompile Include="Source\Engine\Physics\PhysicsManager.cpp">
      <Filter>Source Files</Filter>
    </ClCompile>
    <ClCompile Include="Source\Engine\Physics\PhysicsWorld.cpp">
      <Filter>Source Files</Filter>
    </ClCompile>
    <ClCompile Include="Source\Engine\Renderer\Texture.cpp">
      <Filter>Source Files</Filter>
    </ClCompile>
    <ClCompile Include="Source\Engine\Renderer\VertexBuffer.cpp">
      <Filter>Source Files</Filter>
    </ClCompile>
    <ClCompile Include="Source\Engine\UI\UIManager.cpp">
      <Filter>Source Files</Filter>
    </ClCompile>
    <ClCompile Include="Source\Engine\Util\Image.cpp">
      <Filter>Source Files</Filter>
    </ClCompile>
    <ClCompile Include="Source\Engine\Util\Logger.cpp">
      <Filter>Source Files</Filter>
    </ClCompile>
    <ClCompile Include="Source\Engine\Util\Timer.cpp">
      <Filter>Source Files</Filter>
    </ClCompile>
    <ClCompile Include="Source\Engine\Util\Util.cpp">
      <Filter>Source Files</Filter>
    </ClCompile>
    <ClCompile Include="Source\Engine\View\Actor.cpp">
      <Filter>Source Files</Filter>
    </ClCompile>
    <ClCompile Include="Source\Engine\View\ActorParams.cpp">
      <Filter>Source Files</Filter>
    </ClCompile>
    <ClCompile Include="Source\Engine\View\GameView.cpp">
      <Filter>Source Files</Filter>
    </ClCompile>
    <ClCompile Include="Source\Engine\GameApplication.cpp">
      <Filter>Source Files</Filter>
    </ClCompile>
    <ClCompile Include="Source\Engine\GameApplicationWindows.cpp">
      <Filter>Source Files</Filter>
    </ClCompile>
    <ClCompile Include="Source\Engine\GameController.cpp">
      <Filter>Source Files</Filter>
    </ClCompile>
    <ClCompile Include="Source\Engine\UI\Events\UIEventArgs.cpp">
      <Filter>Source Files</Filter>
    </ClCompile>
    <ClCompile Include="Source\Engine\Renderer\GraphicsDevice.cpp">
      <Filter>Source Files</Filter>
    </ClCompile>
    <ClCompile Include="Source\Engine\Renderer\Material.cpp">
      <Filter>Source Files</Filter>
    </ClCompile>
    <ClCompile Include="Source\Engine\Renderer\Technique.cpp">
      <Filter>Source Files</Filter>
    </ClCompile>
    <ClCompile Include="Source\Engine\Renderer\Shape.cpp">
      <Filter>Source Files</Filter>
    </ClCompile>
    <ClCompile Include="Source\Engine\Renderer\Pass.cpp">
      <Filter>Source Files</Filter>
    </ClCompile>
    <ClCompile Include="Source\Engine\Renderer\RenderState.cpp">
      <Filter>Source Files</Filter>
    </ClCompile>
    <ClCompile Include="Source\Engine\Renderer\Shader\Shader.cpp">
      <Filter>Source Files</Filter>
    </ClCompile>
    <ClCompile Include="Source\Engine\Renderer\Shader\DX11\ShaderDX11.cpp">
      <Filter>Source Files</Filter>
    </ClCompile>
    <ClCompile Include="Source\Engine\Renderer\Shader\InputLayout.cpp">
      <Filter>Source Files</Filter>
    </ClCompile>
    <ClCompile Include="Source\Engine\Renderer\Shader\ShaderProgram.cpp">
      <Filter>Source Files</Filter>
    </ClCompile>
    <ClCompile Include="Source\Engine\Renderer\Shader\DX11\ShaderProgramDX11.cpp">
      <Filter>Source Files</Filter>
    </ClCompile>
    <ClCompile Include="Source\Engine\Renderer\Shape\BoxShape.cpp">
      <Filter>Source Files</Filter>
    </ClCompile>
    <ClCompile Include="Source\Engine\Renderer\Device\GraphicsDeviceDX11.cpp">
      <Filter>Source Files</Filter>
    </ClCompile>
    <ClCompile Include="Source\Engine\Renderer\Window.cpp">
      <Filter>Source Files</Filter>
    </ClCompile>
    <ClCompile Include="Source\Engine\Renderer\Window\WindowWindows.cpp">
      <Filter>Source Files</Filter>
    </ClCompile>
    <ClCompile Include="Source\Engine\Renderer\VertexBuffer\VertexBufferDX11.cpp">
      <Filter>Source Files</Filter>
    </ClCompile>
    <ClCompile Include="Source\Engine\Renderer\GraphicsContext.cpp">
      <Filter>Source Files</Filter>
    </ClCompile>
    <ClCompile Include="Source\Engine\Model\ModelBone.cpp">
      <Filter>Source Files</Filter>
    </ClCompile>
    <ClCompile Include="Source\Engine\Renderer\Shape\ModelShape.cpp">
      <Filter>Source Files</Filter>
    </ClCompile>
    <ClCompile Include="Source\Engine\Model\ModelResource.cpp">
      <Filter>Source Files</Filter>
    </ClCompile>
    <ClCompile Include="Source\Engine\Renderer\Texture\Texture2DDX11.cpp">
      <Filter>Source Files</Filter>
    </ClCompile>
    <ClCompile Include="Source\Engine\Renderer\Texture\TextureCubeDX11.cpp">
      <Filter>Source Files</Filter>
    </ClCompile>
    <ClCompile Include="Source\Engine\Renderer\Shape\SkyboxShape.cpp">
      <Filter>Source Files</Filter>
    </ClCompile>
    <ClCompile Include="Source\Engine\Util\CubeMapReader.cpp">
      <Filter>Source Files</Filter>
    </ClCompile>
    <ClCompile Include="Source\Engine\Util\PrimitiveGenerator.cpp">
      <Filter>Source Files</Filter>
    </ClCompile>
    <ClCompile Include="Source\Engine\Renderer\Shader\DX11\ConstantBufferDX11.cpp">
      <Filter>Source Files</Filter>
    </ClCompile>
    <ClCompile Include="Source\Engine\Renderer\Texture\TextureDX11.cpp">
      <Filter>Source Files</Filter>
    </ClCompile>
    <ClCompile Include="Source\Engine\Util\XML\XMLDocument.cpp">
      <Filter>Source Files</Filter>
    </ClCompile>
    <ClCompile Include="Source\Engine\Util\XML\XMLNode.cpp">
      <Filter>Source Files</Filter>
    </ClCompile>
    <ClCompile Include="Source\Engine\Util\XML\XMLAttribute.cpp">
      <Filter>Source Files</Filter>
    </ClCompile>
    <ClCompile Include="Source\Engine\Renderer\Effect.cpp">
      <Filter>Source Files</Filter>
    </ClCompile>
    <ClCompile Include="Source\Engine\Renderer\ShaderData.cpp">
      <Filter>Source Files</Filter>
    </ClCompile>
    <ClCompile Include="Source\Engine\Renderer\Shape\SpriteShape.cpp">
      <Filter>Source Files</Filter>
    </ClCompile>
    <ClCompile Include="Source\Engine\Renderer\Shape\HeightMapShape.cpp">
      <Filter>Source Files</Filter>
    </ClCompile>
    <ClCompile Include="Source\Engine\Renderer\Camera\Camera.cpp">
      <Filter>Source Files</Filter>
    </ClCompile>
    <ClCompile Include="Source\Engine\Renderer\Camera\OrthoCamera.cpp">
      <Filter>Source Files</Filter>
    </ClCompile>
    <ClCompile Include="Source\Engine\Renderer\Camera\PerspectiveCamera.cpp">
      <Filter>Source Files</Filter>
    </ClCompile>
    <ClCompile Include="Source\Engine\Math\Triangle.cpp">
      <Filter>Source Files</Filter>
    </ClCompile>
    <ClCompile Include="Source\Engine\Math\MathUtil.cpp">
      <Filter>Source Files</Filter>
    </ClCompile>
    <ClCompile Include="Source\Engine\UI\View.cpp">
      <Filter>Source Files</Filter>
    </ClCompile>
    <ClCompile Include="Source\Engine\Core\BasicTypes.cpp">
      <Filter>Source Files</Filter>
    </ClCompile>
    <ClCompile Include="Source\Engine\UI\Controls\ButtonView.cpp">
      <Filter>Source Files</Filter>
    </ClCompile>
    <ClCompile Include="Source\Engine\UI\Controls\LabelView.cpp">
      <Filter>Source Files</Filter>
    </ClCompile>
    <ClCompile Include="Source\Engine\UI\Controls\PanelView.cpp">
      <Filter>Source Files</Filter>
    </ClCompile>
    <ClCompile Include="Source\Engine\Font\FontFace.cpp">
      <Filter>Source Files</Filter>
    </ClCompile>
    <ClCompile Include="Source\Engine\Font\Glyph.cpp">
      <Filter>Source Files</Filter>
    </ClCompile>
    <ClCompile Include="Source\Engine\Font\Font.cpp">
      <Filter>Source Files</Filter>
    </ClCompile>
    <ClCompile Include="Source\Engine\Font\FontCache.cpp">
      <Filter>Source Files</Filter>
    </ClCompile>
    <ClCompile Include="Source\Engine\Challenge.cpp">
      <Filter>Source Files</Filter>
    </ClCompile>
    <ClCompile Include="Source\Engine\Disk\File.cpp">
      <Filter>Source Files</Filter>
    </ClCompile>
    <ClCompile Include="Source\Engine\Disk\Asset.cpp">
      <Filter>Source Files</Filter>
    </ClCompile>
    <ClCompile Include="Source\Engine\Disk\Platform\Windows\AssetLoaderWindows.cpp">
      <Filter>Source Files</Filter>
    </ClCompile>
    <ClCompile Include="Source\Engine\Disk\Resource.cpp">
      <Filter>Source Files</Filter>
    </ClCompile>
    <ClCompile Include="Source\Engine\Util\ImageParser.cpp">
      <Filter>Source Files</Filter>
    </ClCompile>
    <ClCompile Include="Source\Engine\Physics\BVH\Octree.cpp">
      <Filter>Source Files</Filter>
    </ClCompile>
    <ClCompile Include="Source\Engine\UI\Controls\TextFieldView.cpp">
      <Filter>Source Files</Filter>
    </ClCompile>
    <ClCompile Include="Source\Engine\UI\Controls\SelectListView.cpp">
      <Filter>Source Files</Filter>
    </ClCompile>
    <ClCompile Include="Source\Engine\UI\Controls\ScrollbarView.cpp">
      <Filter>Source Files</Filter>
    </ClCompile>
    <ClCompile Include="Source\Engine\UI\Controls\OptionsView.cpp">
      <Filter>Source Files</Filter>
    </ClCompile>
    <ClCompile Include="Source\Engine\UI\Controls\CheckboxView.cpp">
      <Filter>Source Files</Filter>
    </ClCompile>
    <ClCompile Include="Source\Engine\UI\Controls\FileSelectView.cpp">
      <Filter>Source Files</Filter>
    </ClCompile>
    <ClCompile Include="Source\Engine\Core\Config.cpp">
      <Filter>Source Files</Filter>
    </ClCompile>
    <ClCompile Include="Source\Engine\UI\Controls\Form.cpp">
      <Filter>Source Files</Filter>
    </ClCompile>
    <ClCompile Include="Source\Engine\Math\Plane.cpp">
      <Filter>Source Files</Filter>
    </ClCompile>
    <ClCompile Include="Source\Engine\Disk\Directory.cpp">
      <Filter>Source Files</Filter>
    </ClCompile>
    <ClCompile Include="Source\Engine\Math\AxisAlignedBox.cpp">
      <Filter>Source Files</Filter>
    </ClCompile>
    <ClCompile Include="Source\Engine\Physics\Shapes\AABBShape.cpp">
      <Filter>Source Files</Filter>
    </ClCompile>
    <ClCompile Include="Source\Engine\Physics\Shapes\ConcaveTriangleMeshShape.cpp">
      <Filter>Source Files</Filter>
    </ClCompile>
    <ClCompile Include="Source\Engine\Physics\Shapes\Intersection.cpp">
      <Filter>Source Files</Filter>
    </ClCompile>
    <ClCompile Include="Source\Engine\Physics\Shapes\PlaneShape.cpp">
      <Filter>Source Files</Filter>
    </ClCompile>
    <ClCompile Include="Source\Engine\Physics\Shapes\SphereShape.cpp">
      <Filter>Source Files</Filter>
    </ClCompile>
    <ClCompile Include="Source\Engine\Physics\Shapes\TriangleMeshShape.cpp">
      <Filter>Source Files</Filter>
    </ClCompile>
    <ClCompile Include="Source\Engine\Physics\Shapes\TriangleShape.cpp">
      <Filter>Source Files</Filter>
    </ClCompile>
    <ClCompile Include="Source\Engine\Physics\Shapes\GeometricShape.cpp">
      <Filter>Source Files</Filter>
    </ClCompile>
  </ItemGroup>
  <ItemGroup>
    <ClInclude Include="Source\Engine\Audio\AudioListener.h">
      <Filter>Header Files</Filter>
    </ClInclude>
    <ClInclude Include="Source\Engine\Audio\AudioManager.h">
      <Filter>Header Files</Filter>
    </ClInclude>
    <ClInclude Include="Source\Engine\Audio\Sound.h">
      <Filter>Header Files</Filter>
    </ClInclude>
    <ClInclude Include="Source\Engine\Audio\SoundGroup.h">
      <Filter>Header Files</Filter>
    </ClInclude>
    <ClInclude Include="Source\Engine\Core\Globals.h">
      <Filter>Header Files</Filter>
    </ClInclude>
    <ClInclude Include="Source\Engine\Database\DatabaseManager.h">
      <Filter>Header Files</Filter>
    </ClInclude>
    <ClInclude Include="Source\Engine\Database\DatabaseRecord.h">
      <Filter>Header Files</Filter>
    </ClInclude>
    <ClInclude Include="Source\Engine\Event\Types\ActorEventData.h">
      <Filter>Header Files</Filter>
    </ClInclude>
    <ClInclude Include="Source\Engine\Event\Types\KeyboardEventData.h">
      <Filter>Header Files</Filter>
    </ClInclude>
    <ClInclude Include="Source\Engine\Event\Types\MouseEventData.h">
      <Filter>Header Files</Filter>
    </ClInclude>
    <ClInclude Include="Source\Engine\Event\Types\NetworkEventData.h">
      <Filter>Header Files</Filter>
    </ClInclude>
    <ClInclude Include="Source\Engine\Event\EventData.h">
      <Filter>Header Files</Filter>
    </ClInclude>
    <ClInclude Include="Source\Engine\Event\EventManager.h">
      <Filter>Header Files</Filter>
    </ClInclude>
    <ClInclude Include="Source\Engine\Input\InputManager.h">
      <Filter>Header Files</Filter>
    </ClInclude>
    <ClInclude Include="Source\Engine\Input\KeyboardListener.h">
      <Filter>Header Files</Filter>
    </ClInclude>
    <ClInclude Include="Source\Engine\Input\MouseListener.h">
      <Filter>Header Files</Filter>
    </ClInclude>
    <ClInclude Include="Source\Engine\Math\Cylinder.h">
      <Filter>Header Files</Filter>
    </ClInclude>
    <ClInclude Include="Source\Engine\Math\Ray.h">
      <Filter>Header Files</Filter>
    </ClInclude>
    <ClInclude Include="Source\Engine\Model\Model.h">
      <Filter>Header Files</Filter>
    </ClInclude>
    <ClInclude Include="Source\Engine\Model\ModelAnimationManager.h">
      <Filter>Header Files</Filter>
    </ClInclude>
    <ClInclude Include="Source\Engine\Model\ModelManager.h">
      <Filter>Header Files</Filter>
    </ClInclude>
    <ClInclude Include="Source\Engine\Model\ModelMaterial.h">
      <Filter>Header Files</Filter>
    </ClInclude>
    <ClInclude Include="Source\Engine\Model\ModelMesh.h">
      <Filter>Header Files</Filter>
    </ClInclude>
    <ClInclude Include="Source\Engine\Network\NetworkClient.h">
      <Filter>Header Files</Filter>
    </ClInclude>
    <ClInclude Include="Source\Engine\Network\NetworkInterface.h">
      <Filter>Header Files</Filter>
    </ClInclude>
    <ClInclude Include="Source\Engine\Network\NetworkManager.h">
      <Filter>Header Files</Filter>
    </ClInclude>
    <ClInclude Include="Source\Engine\Network\NetworkServer.h">
      <Filter>Header Files</Filter>
    </ClInclude>
    <ClInclude Include="Source\Engine\Network\NetworkSocket.h">
      <Filter>Header Files</Filter>
    </ClInclude>
    <ClInclude Include="Source\Engine\Physics\BVH\Grid.h">
      <Filter>Header Files</Filter>
    </ClInclude>
    <ClInclude Include="Source\Engine\Physics\BVH\Octree.h">
      <Filter>Header Files</Filter>
    </ClInclude>
    <ClInclude Include="Source\Engine\Physics\BVH\QuadTree.h">
      <Filter>Header Files</Filter>
    </ClInclude>
    <ClInclude Include="Source\Engine\Physics\Collision\CollisionData.h">
      <Filter>Header Files</Filter>
    </ClInclude>
    <ClInclude Include="Source\Engine\Physics\Collision\CollisionDetector.h">
      <Filter>Header Files</Filter>
    </ClInclude>
    <ClInclude Include="Source\Engine\Physics\Collision\CollisionResolver.h">
      <Filter>Header Files</Filter>
    </ClInclude>
    <ClInclude Include="Source\Engine\Physics\Collision\Contact.h">
      <Filter>Header Files</Filter>
    </ClInclude>
    <ClInclude Include="Source\Engine\Physics\Forces\ForceGenerator.h">
      <Filter>Header Files</Filter>
    </ClInclude>
    <ClInclude Include="Source\Engine\Physics\Forces\GravityForceGenerator.h">
      <Filter>Header Files</Filter>
    </ClInclude>
    <ClInclude Include="Source\Engine\Physics\Objects\PlaneObject.h">
      <Filter>Header Files</Filter>
    </ClInclude>
    <ClInclude Include="Source\Engine\Physics\Objects\RigidBody.h">
      <Filter>Header Files</Filter>
    </ClInclude>
    <ClInclude Include="Source\Engine\Physics\Util\Math.h">
      <Filter>Header Files</Filter>
    </ClInclude>
    <ClInclude Include="Source\Engine\Physics\PhysicsCore.h">
      <Filter>Header Files</Filter>
    </ClInclude>
    <ClInclude Include="Source\Engine\Physics\PhysicsManager.h">
      <Filter>Header Files</Filter>
    </ClInclude>
    <ClInclude Include="Source\Engine\Physics\PhysicsWorld.h">
      <Filter>Header Files</Filter>
    </ClInclude>
    <ClInclude Include="Source\Engine\Renderer\DX11\TextureDX11.h">
      <Filter>Header Files</Filter>
    </ClInclude>
    <ClInclude Include="Source\Engine\Renderer\DX11\VertexBufferDX11.h">
      <Filter>Header Files</Filter>
    </ClInclude>
    <ClInclude Include="Source\Engine\Renderer\OpenGL\GLSLProgram.h">
      <Filter>Header Files</Filter>
    </ClInclude>
    <ClInclude Include="Source\Engine\Renderer\Texture.h">
      <Filter>Header Files</Filter>
    </ClInclude>
    <ClInclude Include="Source\Engine\Renderer\VertexBuffer.h">
      <Filter>Header Files</Filter>
    </ClInclude>
    <ClInclude Include="Source\Engine\UI\UI.h">
      <Filter>Header Files</Filter>
    </ClInclude>
    <ClInclude Include="Source\Engine\UI\UIManager.h">
      <Filter>Header Files</Filter>
    </ClInclude>
    <ClInclude Include="Source\Engine\Util\Image.h">
      <Filter>Header Files</Filter>
    </ClInclude>
    <ClInclude Include="Source\Engine\Util\Logger.h">
      <Filter>Header Files</Filter>
    </ClInclude>
    <ClInclude Include="Source\Engine\Util\Timer.h">
      <Filter>Header Files</Filter>
    </ClInclude>
    <ClInclude Include="Source\Engine\Util\Util.h">
      <Filter>Header Files</Filter>
    </ClInclude>
    <ClInclude Include="Source\Engine\View\Actor.h">
      <Filter>Header Files</Filter>
    </ClInclude>
    <ClInclude Include="Source\Engine\View\ActorParams.h">
      <Filter>Header Files</Filter>
    </ClInclude>
    <ClInclude Include="Source\Engine\View\GameView.h">
      <Filter>Header Files</Filter>
    </ClInclude>
    <ClInclude Include="Source\Engine\GameApplication.h">
      <Filter>Header Files</Filter>
    </ClInclude>
    <ClInclude Include="Source\Engine\GameApplicationWindows.h">
      <Filter>Header Files</Filter>
    </ClInclude>
    <ClInclude Include="Source\Engine\GameController.h">
      <Filter>Header Files</Filter>
    </ClInclude>
    <ClInclude Include="Source\Engine\Font\Font.h">
      <Filter>Header Files</Filter>
    </ClInclude>
    <ClInclude Include="Source\Engine\Font\FontTypes.h">
      <Filter>Header Files</Filter>
    </ClInclude>
    <ClInclude Include="Source\Engine\Font\Glyph.h">
      <Filter>Header Files</Filter>
    </ClInclude>
    <ClInclude Include="Source\Engine\Font\GlyphAtlas.h">
      <Filter>Header Files</Filter>
    </ClInclude>
    <ClInclude Include="Source\Engine\UI\Events\UIEventArgs.h">
      <Filter>Header Files</Filter>
    </ClInclude>
    <ClInclude Include="Source\Engine\Renderer\GraphicsDevice.h">
      <Filter>Header Files</Filter>
    </ClInclude>
    <ClInclude Include="Source\Engine\Renderer\Material.h">
      <Filter>Header Files</Filter>
    </ClInclude>
    <ClInclude Include="Source\Engine\Renderer\Technique.h">
      <Filter>Header Files</Filter>
    </ClInclude>
    <ClInclude Include="Source\Engine\Renderer\Shape.h">
      <Filter>Header Files</Filter>
    </ClInclude>
    <ClInclude Include="Source\Engine\Renderer\Types.h">
      <Filter>Header Files</Filter>
    </ClInclude>
    <ClInclude Include="Source\Engine\Renderer\Attribute.h">
      <Filter>Header Files</Filter>
    </ClInclude>
    <ClInclude Include="Source\Engine\Renderer\Pass.h">
      <Filter>Header Files</Filter>
    </ClInclude>
    <ClInclude Include="Source\Engine\Renderer\RenderState.h">
      <Filter>Header Files</Filter>
    </ClInclude>
    <ClInclude Include="Source\Engine\Renderer\Shader\Shader.h">
      <Filter>Header Files</Filter>
    </ClInclude>
    <ClInclude Include="Source\Engine\Renderer\Shader\DX11\ShaderDX11.h">
      <Filter>Header Files</Filter>
    </ClInclude>
    <ClInclude Include="Source\Engine\Renderer\Shader\InputLayout.h">
      <Filter>Header Files</Filter>
    </ClInclude>
    <ClInclude Include="Source\Engine\Renderer\Shader\ShaderProgram.h">
      <Filter>Header Files</Filter>
    </ClInclude>
    <ClInclude Include="Source\Engine\Renderer\Shader\DX11\ShaderProgramDX11.h">
      <Filter>Header Files</Filter>
    </ClInclude>
    <ClInclude Include="Source\Engine\Renderer\Technique\DX11\BasicColorTechniqueDX11.h">
      <Filter>Header Files</Filter>
    </ClInclude>
    <ClInclude Include="Source\Engine\Renderer\Technique\BasicColorTechnique.h">
      <Filter>Header Files</Filter>
    </ClInclude>
    <ClInclude Include="Source\Engine\Renderer\Shape\BoxShape.h">
      <Filter>Header Files</Filter>
    </ClInclude>
    <ClInclude Include="Source\Engine\Renderer\Attribute\ColorAttribute.h">
      <Filter>Header Files</Filter>
    </ClInclude>
    <ClInclude Include="Source\Engine\Renderer\Attribute\TextureAttribute.h">
      <Filter>Header Files</Filter>
    </ClInclude>
    <ClInclude Include="Source\Engine\Renderer\Device\GraphicsDeviceDX11.h">
      <Filter>Header Files</Filter>
    </ClInclude>
    <ClInclude Include="Source\Engine\Renderer\Window.h">
      <Filter>Header Files</Filter>
    </ClInclude>
    <ClInclude Include="Source\Engine\Renderer\Window\WindowWindows.h">
      <Filter>Header Files</Filter>
    </ClInclude>
    <ClInclude Include="Source\Engine\Renderer\VertexBuffer\VertexBufferDX11.h">
      <Filter>Header Files</Filter>
    </ClInclude>
    <ClInclude Include="Source\Engine\Renderer\GraphicsContext.h">
      <Filter>Header Files</Filter>
    </ClInclude>
    <ClInclude Include="Source\Engine\Renderer\Attribute\ShadingAttribute.h">
      <Filter>Header Files</Filter>
    </ClInclude>
    <ClInclude Include="Source\Engine\Renderer\Technique\PhongTechnique.h">
      <Filter>Header Files</Filter>
    </ClInclude>
    <ClInclude Include="Source\Engine\Renderer\Technique\DX11\PhongTechniqueDX11.h">
      <Filter>Header Files</Filter>
    </ClInclude>
    <ClInclude Include="Source\Engine\Model\ModelBone.h">
      <Filter>Header Files</Filter>
    </ClInclude>
    <ClInclude Include="Source\Engine\Renderer\Shape\ModelShape.h">
      <Filter>Header Files</Filter>
    </ClInclude>
    <ClInclude Include="Source\Engine\Renderer\Technique\BasicModelTechnique.h">
      <Filter>Header Files</Filter>
    </ClInclude>
    <ClInclude Include="Source\Engine\Renderer\Pass\DX11\PhongPassDX11.h">
      <Filter>Header Files</Filter>
    </ClInclude>
    <ClInclude Include="Source\Engine\Renderer\Pass\BasicColorPass.h">
      <Filter>Header Files</Filter>
    </ClInclude>
    <ClInclude Include="Source\Engine\Renderer\Pass\DX11\BasicColorPassDX11.h">
      <Filter>Header Files</Filter>
    </ClInclude>
    <ClInclude Include="Source\Engine\Renderer\Pass\ModelAnimationPass.h">
      <Filter>Header Files</Filter>
    </ClInclude>
    <ClInclude Include="Source\Engine\Renderer\Pass\DX11\ModelAnimationPassDX11.h">
      <Filter>Header Files</Filter>
    </ClInclude>
    <ClInclude Include="Source\Engine\Renderer\Attribute\BoneAnimationAttribute.h">
      <Filter>Header Files</Filter>
    </ClInclude>
    <ClInclude Include="Source\Engine\Renderer\Lights\LightSource.h">
      <Filter>Header Files</Filter>
    </ClInclude>
    <ClInclude Include="Source\Engine\Renderer\Lights\DirectionalLightSource.h">
      <Filter>Header Files</Filter>
    </ClInclude>
    <ClInclude Include="Source\Engine\Renderer\Lights\PointLightSource.h">
      <Filter>Header Files</Filter>
    </ClInclude>
    <ClInclude Include="Source\Engine\Model\ModelResource.h">
      <Filter>Header Files</Filter>
    </ClInclude>
    <ClInclude Include="Source\Engine\Renderer\Texture\Texture2DDX11.h">
      <Filter>Header Files</Filter>
    </ClInclude>
    <ClInclude Include="Source\Engine\Renderer\Texture\TextureCubeDX11.h">
      <Filter>Header Files</Filter>
    </ClInclude>
    <ClInclude Include="Source\Engine\Renderer\Shape\SkyboxShape.h">
      <Filter>Header Files</Filter>
    </ClInclude>
    <ClInclude Include="Source\Engine\Util\CubeMapReader.h">
      <Filter>Header Files</Filter>
    </ClInclude>
    <ClInclude Include="Source\Engine\Util\PrimitiveGenerator.h">
      <Filter>Header Files</Filter>
    </ClInclude>
    <ClInclude Include="Source\Engine\Renderer\Shader\DX11\ConstantBufferDX11.h">
      <Filter>Header Files</Filter>
    </ClInclude>
    <ClInclude Include="Source\Engine\Renderer\Texture\TextureDX11.h">
      <Filter>Header Files</Filter>
    </ClInclude>
    <ClInclude Include="Source\Engine\Renderer\Effect.h">
      <Filter>Header Files</Filter>
    </ClInclude>
    <ClInclude Include="Source\Engine\Util\XML\XMLDocument.h">
      <Filter>Header Files</Filter>
    </ClInclude>
    <ClInclude Include="Source\Engine\Util\XML\XMLNode.h">
      <Filter>Header Files</Filter>
    </ClInclude>
    <ClInclude Include="Source\Engine\Util\XML\XMLAttribute.h">
      <Filter>Header Files</Filter>
    </ClInclude>
    <ClInclude Include="Source\Engine\Renderer\ShaderData.h">
      <Filter>Header Files</Filter>
    </ClInclude>
    <ClInclude Include="Source\Engine\Renderer\Shape\SpriteShape.h">
      <Filter>Header Files</Filter>
    </ClInclude>
    <ClInclude Include="Source\Engine\Renderer\Shape\HeightMapShape.h">
      <Filter>Header Files</Filter>
    </ClInclude>
    <ClInclude Include="Source\Engine\Renderer\Camera\Camera.h">
      <Filter>Header Files</Filter>
    </ClInclude>
    <ClInclude Include="Source\Engine\Renderer\Camera\OrthoCamera.h">
      <Filter>Header Files</Filter>
    </ClInclude>
    <ClInclude Include="Source\Engine\Renderer\Camera\PerspectiveCamera.h">
      <Filter>Header Files</Filter>
    </ClInclude>
    <ClInclude Include="Source\Engine\Math\Triangle.h">
      <Filter>Header Files</Filter>
    </ClInclude>
    <ClInclude Include="Source\Engine\Math\MathUtil.h">
      <Filter>Header Files</Filter>
    </ClInclude>
    <ClInclude Include="Source\Engine\UI\View.h">
      <Filter>Header Files</Filter>
    </ClInclude>
    <ClInclude Include="Source\Engine\Challenge.h">
      <Filter>Header Files</Filter>
    </ClInclude>
    <ClInclude Include="Source\Engine\UI\Controls\ButtonView.h">
      <Filter>Header Files</Filter>
    </ClInclude>
    <ClInclude Include="Source\Engine\UI\Controls\LabelView.h">
      <Filter>Header Files</Filter>
    </ClInclude>
    <ClInclude Include="Source\Engine\UI\Controls\PanelView.h">
      <Filter>Header Files</Filter>
    </ClInclude>
    <ClInclude Include="Source\Engine\Renderer\Renderer.h">
      <Filter>Header Files</Filter>
    </ClInclude>
    <ClInclude Include="Source\Engine\Core\BasicTypes.h">
      <Filter>Header Files</Filter>
    </ClInclude>
    <ClInclude Include="Source\Engine\Font\GlyphAtlas.inl">
      <Filter>Source Files</Filter>
    </ClInclude>
    <ClInclude Include="Source\Engine\Font\FontEngine.h">
      <Filter>Header Files</Filter>
    </ClInclude>
    <ClInclude Include="Source\Engine\Font\FontFace.h">
      <Filter>Header Files</Filter>
    </ClInclude>
    <ClInclude Include="Source\Engine\Font\UnicodeRanges.h">
      <Filter>Header Files</Filter>
    </ClInclude>
    <ClInclude Include="Source\Engine\Font\Font.inl">
      <Filter>Source Files</Filter>
    </ClInclude>
    <ClInclude Include="Source\Engine\Font\FontCache.h">
      <Filter>Header Files</Filter>
    </ClInclude>
    <ClInclude Include="Source\Engine\Disk\ResourceCache.h">
      <Filter>Header Files</Filter>
    </ClInclude>
    <ClInclude Include="Source\Engine\Disk\ResourceCache.inl">
      <Filter>Header Files</Filter>
    </ClInclude>
    <ClInclude Include="Source\Engine\Disk\File.h">
      <Filter>Header Files</Filter>
    </ClInclude>
    <ClInclude Include="Source\Engine\Disk\Asset.h">
      <Filter>Header Files</Filter>
    </ClInclude>
    <ClInclude Include="Source\Engine\Disk\AssetLoader.h">
      <Filter>Header Files</Filter>
    </ClInclude>
    <ClInclude Include="Source\Engine\Disk\Platform\Windows\AssetLoaderWindows.h">
      <Filter>Header Files</Filter>
    </ClInclude>
    <ClInclude Include="Source\Engine\Disk\Resource.h">
      <Filter>Header Files</Filter>
    </ClInclude>
    <ClInclude Include="Source\Engine\Core\PlatformIncludes.h">
      <Filter>Header Files</Filter>
    </ClInclude>
    <ClInclude Include="Source\Engine\Util\ImageParser.h">
      <Filter>Header Files</Filter>
    </ClInclude>
    <ClInclude Include="Source\Engine\UI\Controls\TextFieldView.h">
      <Filter>Header Files</Filter>
    </ClInclude>
    <ClInclude Include="Source\Engine\UI\Controls\SelectListView.h">
      <Filter>Header Files</Filter>
    </ClInclude>
    <ClInclude Include="Source\Engine\UI\Controls\ScrollbarView.h">
      <Filter>Header Files</Filter>
    </ClInclude>
    <ClInclude Include="Source\Engine\UI\Controls\OptionsView.h">
      <Filter>Header Files</Filter>
    </ClInclude>
    <ClInclude Include="Source\Engine\UI\Controls\CheckboxView.h">
      <Filter>Header Files</Filter>
    </ClInclude>
    <ClInclude Include="Source\Engine\UI\Types.h">
      <Filter>Header Files</Filter>
    </ClInclude>
    <ClInclude Include="Source\Engine\UI\Controls\FileSelectView.h">
      <Filter>Header Files</Filter>
    </ClInclude>
    <ClInclude Include="Source\Engine\Core\Config.h">
      <Filter>Header Files</Filter>
    </ClInclude>
    <ClInclude Include="Source\Engine\UI\Controls\Form.h">
      <Filter>Header Files</Filter>
    </ClInclude>
    <ClInclude Include="Source\Engine\UI\Controls\FormElement.h">
      <Filter>Header Files</Filter>
    </ClInclude>
    <ClInclude Include="Source\Engine\Math\Plane.h">
      <Filter>Header Files</Filter>
    </ClInclude>
    <ClInclude Include="Source\Engine\Disk\Directory.h">
      <Filter>Header Files</Filter>
    </ClInclude>
    <ClInclude Include="Source\Engine\Math\AxisAlignedBox.h">
      <Filter>Header Files</Filter>
    </ClInclude>
    <ClInclude Include="Source\Engine\Physics\Shapes\AABBShape.h">
      <Filter>Header Files</Filter>
    </ClInclude>
    <ClInclude Include="Source\Engine\Physics\Shapes\ConcaveTriangleMeshShape.h">
      <Filter>Header Files</Filter>
    </ClInclude>
    <ClInclude Include="Source\Engine\Physics\Shapes\Intersection.h">
      <Filter>Header Files</Filter>
    </ClInclude>
    <ClInclude Include="Source\Engine\Physics\Shapes\PlaneShape.h">
      <Filter>Header Files</Filter>
    </ClInclude>
    <ClInclude Include="Source\Engine\Physics\Shapes\SphereShape.h">
      <Filter>Header Files</Filter>
    </ClInclude>
    <ClInclude Include="Source\Engine\Physics\Shapes\TriangleMeshShape.h">
      <Filter>Header Files</Filter>
    </ClInclude>
    <ClInclude Include="Source\Engine\Physics\Shapes\TriangleShape.h">
      <Filter>Header Files</Filter>
    </ClInclude>
    <ClInclude Include="Source\Engine\Math\BoundingBox.h">
      <Filter>Header Files</Filter>
    </ClInclude>
    <ClInclude Include="Source\Engine\Physics\Shapes\GeometricShape.h">
      <Filter>Header Files</Filter>
    </ClInclude>
  </ItemGroup>
  <ItemGroup>
    <None Include="ChallengeEngine-settings.props" />
    <None Include="Source\Engine\Shaders\GLSL\model_basic.vert" />
    <None Include="Source\Engine\Shaders\GLSL\control.frag" />
    <None Include="Source\Engine\Shaders\GLSL\control.vert" />
    <None Include="Source\Engine\Shaders\GLSL\dungeon.frag" />
    <None Include="Source\Engine\Shaders\GLSL\dungeon.vert" />
    <None Include="Source\Engine\Shaders\GLSL\model_basic.frag" />
    <None Include="Source\Engine\Renderer\Technique\BasicColorTechnique.inl">
      <Filter>Header Files</Filter>
    </None>
    <None Include="Source\Engine\Renderer\Technique\PhongTechnique.inl">
      <Filter>Header Files</Filter>
    </None>
    <None Include="Source\Engine\Renderer\Technique\BasicModelTechnique.inl">
      <Filter>Header Files</Filter>
    </None>
  </ItemGroup>
  <ItemGroup>
    <FxCompile Include="Source\Engine\Shaders\HLSL\ModelBasicVertex.hlsl" />
    <FxCompile Include="Source\Engine\Shaders\HLSL\ModelBasicPixel.hlsl" />
    <FxCompile Include="Source\Engine\Shaders\HLSL\FontBasicVertex.hlsl" />
    <FxCompile Include="Source\Engine\Shaders\HLSL\FontBasicPixel.hlsl" />
    <FxCompile Include="Source\Engine\Shaders\HLSL\PhongVertex.hlsl" />
    <FxCompile Include="Source\Engine\Shaders\HLSL\PhongPixel.hlsl" />
    <FxCompile Include="Source\Engine\Shaders\HLSL\ModelBoneAnimationVertex.hlsl" />
    <FxCompile Include="Source\Engine\Shaders\HLSL\SkyboxVertex.hlsl" />
    <FxCompile Include="Source\Engine\Shaders\HLSL\SkyboxPixel.hlsl" />
    <FxCompile Include="Source\Engine\Shaders\HLSL\SpriteColorPixel.hlsl" />
    <FxCompile Include="Source\Engine\Shaders\HLSL\HeightMapVertex.hlsl" />
    <FxCompile Include="Source\Engine\Shaders\HLSL\HeightMapPixel.hlsl" />
    <FxCompile Include="Source\Engine\Shaders\HLSL\SpriteTexturePixel.hlsl" />
    <FxCompile Include="Source\Engine\Shaders\HLSL\SpriteVertex.hlsl" />
  </ItemGroup>
  <ItemGroup>
    <Xml Include="Source\Engine\Config\shaders.xml" />
    <Xml Include="Source\Engine\Config\pipeline.xml" />
    <Xml Include="Source\Engine\Config\effects.xml" />
  </ItemGroup>
</Project>